// !$*UTF8*$!
{
	archiveVersion = 1;
	classes = {
	};
	objectVersion = 50;
	objects = {

/* Begin PBXBuildFile section */
		D45D0E422693457D00D79032 /* CoffeeOrderingAppApp.swift in Sources */ = {isa = PBXBuildFile; fileRef = D45D0E412693457D00D79032 /* CoffeeOrderingAppApp.swift */; };
		D45D0E442693457D00D79032 /* ContentView.swift in Sources */ = {isa = PBXBuildFile; fileRef = D45D0E432693457D00D79032 /* ContentView.swift */; };
		D45D0E462693458000D79032 /* Assets.xcassets in Resources */ = {isa = PBXBuildFile; fileRef = D45D0E452693458000D79032 /* Assets.xcassets */; };
		D45D0E492693458000D79032 /* Preview Assets.xcassets in Resources */ = {isa = PBXBuildFile; fileRef = D45D0E482693458000D79032 /* Preview Assets.xcassets */; };
		D45D0E542693458000D79032 /* CoffeeOrderingAppTests.swift in Sources */ = {isa = PBXBuildFile; fileRef = D45D0E532693458000D79032 /* CoffeeOrderingAppTests.swift */; };
		D45D0E5F2693458000D79032 /* CoffeeOrderingAppUITests.swift in Sources */ = {isa = PBXBuildFile; fileRef = D45D0E5E2693458000D79032 /* CoffeeOrderingAppUITests.swift */; };
		D45D0E74269345A500D79032 /* Coffee.swift in Sources */ = {isa = PBXBuildFile; fileRef = D45D0E73269345A500D79032 /* Coffee.swift */; };
		D45D0E79269347D400D79032 /* Order.swift in Sources */ = {isa = PBXBuildFile; fileRef = D45D0E78269347D400D79032 /* Order.swift */; };
		D45D0E7F269348A000D79032 /* Webservice.swift in Sources */ = {isa = PBXBuildFile; fileRef = D45D0E7E269348A000D79032 /* Webservice.swift */; };
		D45D0E8826934B0400D79032 /* OrderListViewModel.swift in Sources */ = {isa = PBXBuildFile; fileRef = D45D0E8726934B0400D79032 /* OrderListViewModel.swift */; };
		D45D0E912693BEAF00D79032 /* OrderListView.swift in Sources */ = {isa = PBXBuildFile; fileRef = D45D0E902693BEAF00D79032 /* OrderListView.swift */; };
		D45D0E992693C54E00D79032 /* CreateOrderResponse.swift in Sources */ = {isa = PBXBuildFile; fileRef = D45D0E982693C54E00D79032 /* CreateOrderResponse.swift */; };
		D45D0E9E2693C6B800D79032 /* AddCoffeeOrderViewModel.swift in Sources */ = {isa = PBXBuildFile; fileRef = D45D0E9D2693C6B800D79032 /* AddCoffeeOrderViewModel.swift */; };
		D45D0EA32693C78700D79032 /* CoffeeViewModel.swift in Sources */ = {isa = PBXBuildFile; fileRef = D45D0EA22693C78700D79032 /* CoffeeViewModel.swift */; };
		D45D0EA82693CA6700D79032 /* AddCoffeeOrderView.swift in Sources */ = {isa = PBXBuildFile; fileRef = D45D0EA72693CA6700D79032 /* AddCoffeeOrderView.swift */; };
		D45D0EAD26948FF000D79032 /* OrderTotalView.swift in Sources */ = {isa = PBXBuildFile; fileRef = D45D0EAC26948FEF00D79032 /* OrderTotalView.swift */; };
/* End PBXBuildFile section */

/* Begin PBXContainerItemProxy section */
		D45D0E502693458000D79032 /* PBXContainerItemProxy */ = {
			isa = PBXContainerItemProxy;
			containerPortal = D45D0E362693457D00D79032 /* Project object */;
			proxyType = 1;
			remoteGlobalIDString = D45D0E3D2693457D00D79032;
			remoteInfo = CoffeeOrderingApp;
		};
		D45D0E5B2693458000D79032 /* PBXContainerItemProxy */ = {
			isa = PBXContainerItemProxy;
			containerPortal = D45D0E362693457D00D79032 /* Project object */;
			proxyType = 1;
			remoteGlobalIDString = D45D0E3D2693457D00D79032;
			remoteInfo = CoffeeOrderingApp;
		};
/* End PBXContainerItemProxy section */

/* Begin PBXFileReference section */
		D45D0E3E2693457D00D79032 /* CoffeeOrderingApp.app */ = {isa = PBXFileReference; explicitFileType = wrapper.application; includeInIndex = 0; path = CoffeeOrderingApp.app; sourceTree = BUILT_PRODUCTS_DIR; };
		D45D0E412693457D00D79032 /* CoffeeOrderingAppApp.swift */ = {isa = PBXFileReference; lastKnownFileType = sourcecode.swift; path = CoffeeOrderingAppApp.swift; sourceTree = "<group>"; };
		D45D0E432693457D00D79032 /* ContentView.swift */ = {isa = PBXFileReference; lastKnownFileType = sourcecode.swift; path = ContentView.swift; sourceTree = "<group>"; };
		D45D0E452693458000D79032 /* Assets.xcassets */ = {isa = PBXFileReference; lastKnownFileType = folder.assetcatalog; path = Assets.xcassets; sourceTree = "<group>"; };
		D45D0E482693458000D79032 /* Preview Assets.xcassets */ = {isa = PBXFileReference; lastKnownFileType = folder.assetcatalog; path = "Preview Assets.xcassets"; sourceTree = "<group>"; };
		D45D0E4A2693458000D79032 /* Info.plist */ = {isa = PBXFileReference; lastKnownFileType = text.plist.xml; path = Info.plist; sourceTree = "<group>"; };
		D45D0E4F2693458000D79032 /* CoffeeOrderingAppTests.xctest */ = {isa = PBXFileReference; explicitFileType = wrapper.cfbundle; includeInIndex = 0; path = CoffeeOrderingAppTests.xctest; sourceTree = BUILT_PRODUCTS_DIR; };
		D45D0E532693458000D79032 /* CoffeeOrderingAppTests.swift */ = {isa = PBXFileReference; lastKnownFileType = sourcecode.swift; path = CoffeeOrderingAppTests.swift; sourceTree = "<group>"; };
		D45D0E552693458000D79032 /* Info.plist */ = {isa = PBXFileReference; lastKnownFileType = text.plist.xml; path = Info.plist; sourceTree = "<group>"; };
		D45D0E5A2693458000D79032 /* CoffeeOrderingAppUITests.xctest */ = {isa = PBXFileReference; explicitFileType = wrapper.cfbundle; includeInIndex = 0; path = CoffeeOrderingAppUITests.xctest; sourceTree = BUILT_PRODUCTS_DIR; };
		D45D0E5E2693458000D79032 /* CoffeeOrderingAppUITests.swift */ = {isa = PBXFileReference; lastKnownFileType = sourcecode.swift; path = CoffeeOrderingAppUITests.swift; sourceTree = "<group>"; };
		D45D0E602693458000D79032 /* Info.plist */ = {isa = PBXFileReference; lastKnownFileType = text.plist.xml; path = Info.plist; sourceTree = "<group>"; };
		D45D0E73269345A500D79032 /* Coffee.swift */ = {isa = PBXFileReference; lastKnownFileType = sourcecode.swift; path = Coffee.swift; sourceTree = "<group>"; };
		D45D0E78269347D400D79032 /* Order.swift */ = {isa = PBXFileReference; lastKnownFileType = sourcecode.swift; path = Order.swift; sourceTree = "<group>"; };
		D45D0E7E269348A000D79032 /* Webservice.swift */ = {isa = PBXFileReference; lastKnownFileType = sourcecode.swift; path = Webservice.swift; sourceTree = "<group>"; };
		D45D0E8726934B0400D79032 /* OrderListViewModel.swift */ = {isa = PBXFileReference; lastKnownFileType = sourcecode.swift; path = OrderListViewModel.swift; sourceTree = "<group>"; };
		D45D0E902693BEAF00D79032 /* OrderListView.swift */ = {isa = PBXFileReference; lastKnownFileType = sourcecode.swift; path = OrderListView.swift; sourceTree = "<group>"; };
		D45D0E982693C54E00D79032 /* CreateOrderResponse.swift */ = {isa = PBXFileReference; lastKnownFileType = sourcecode.swift; path = CreateOrderResponse.swift; sourceTree = "<group>"; };
		D45D0E9D2693C6B800D79032 /* AddCoffeeOrderViewModel.swift */ = {isa = PBXFileReference; lastKnownFileType = sourcecode.swift; path = AddCoffeeOrderViewModel.swift; sourceTree = "<group>"; };
		D45D0EA22693C78700D79032 /* CoffeeViewModel.swift */ = {isa = PBXFileReference; lastKnownFileType = sourcecode.swift; path = CoffeeViewModel.swift; sourceTree = "<group>"; };
		D45D0EA72693CA6700D79032 /* AddCoffeeOrderView.swift */ = {isa = PBXFileReference; lastKnownFileType = sourcecode.swift; path = AddCoffeeOrderView.swift; sourceTree = "<group>"; };
		D45D0EAC26948FEF00D79032 /* OrderTotalView.swift */ = {isa = PBXFileReference; lastKnownFileType = sourcecode.swift; path = OrderTotalView.swift; sourceTree = "<group>"; };
/* End PBXFileReference section */

/* Begin PBXFrameworksBuildPhase section */
		D45D0E3B2693457D00D79032 /* Frameworks */ = {
			isa = PBXFrameworksBuildPhase;
			buildActionMask = 2147483647;
			files = (
			);
			runOnlyForDeploymentPostprocessing = 0;
		};
		D45D0E4C2693458000D79032 /* Frameworks */ = {
			isa = PBXFrameworksBuildPhase;
			buildActionMask = 2147483647;
			files = (
			);
			runOnlyForDeploymentPostprocessing = 0;
		};
		D45D0E572693458000D79032 /* Frameworks */ = {
			isa = PBXFrameworksBuildPhase;
			buildActionMask = 2147483647;
			files = (
			);
			runOnlyForDeploymentPostprocessing = 0;
		};
/* End PBXFrameworksBuildPhase section */

/* Begin PBXGroup section */
		D45D0E352693457D00D79032 = {
			isa = PBXGroup;
			children = (
				D45D0E402693457D00D79032 /* CoffeeOrderingApp */,
				D45D0E522693458000D79032 /* CoffeeOrderingAppTests */,
				D45D0E5D2693458000D79032 /* CoffeeOrderingAppUITests */,
				D45D0E3F2693457D00D79032 /* Products */,
			);
			sourceTree = "<group>";
		};
		D45D0E3F2693457D00D79032 /* Products */ = {
			isa = PBXGroup;
			children = (
				D45D0E3E2693457D00D79032 /* CoffeeOrderingApp.app */,
				D45D0E4F2693458000D79032 /* CoffeeOrderingAppTests.xctest */,
				D45D0E5A2693458000D79032 /* CoffeeOrderingAppUITests.xctest */,
			);
			name = Products;
			sourceTree = "<group>";
		};
		D45D0E402693457D00D79032 /* CoffeeOrderingApp */ = {
			isa = PBXGroup;
			children = (
				D45D0E8F2693BE5B00D79032 /* Views */,
				D45D0E8626934AE700D79032 /* ViewModels */,
				D45D0E7D2693488E00D79032 /* Services */,
				D45D0E6F2693458700D79032 /* Models */,
				D45D0E412693457D00D79032 /* CoffeeOrderingAppApp.swift */,
				D45D0E452693458000D79032 /* Assets.xcassets */,
				D45D0E4A2693458000D79032 /* Info.plist */,
				D45D0E472693458000D79032 /* Preview Content */,
			);
			path = CoffeeOrderingApp;
			sourceTree = "<group>";
		};
		D45D0E472693458000D79032 /* Preview Content */ = {
			isa = PBXGroup;
			children = (
				D45D0E482693458000D79032 /* Preview Assets.xcassets */,
			);
			path = "Preview Content";
			sourceTree = "<group>";
		};
		D45D0E522693458000D79032 /* CoffeeOrderingAppTests */ = {
			isa = PBXGroup;
			children = (
				D45D0E532693458000D79032 /* CoffeeOrderingAppTests.swift */,
				D45D0E552693458000D79032 /* Info.plist */,
			);
			path = CoffeeOrderingAppTests;
			sourceTree = "<group>";
		};
		D45D0E5D2693458000D79032 /* CoffeeOrderingAppUITests */ = {
			isa = PBXGroup;
			children = (
				D45D0E5E2693458000D79032 /* CoffeeOrderingAppUITests.swift */,
				D45D0E602693458000D79032 /* Info.plist */,
			);
			path = CoffeeOrderingAppUITests;
			sourceTree = "<group>";
		};
		D45D0E6F2693458700D79032 /* Models */ = {
			isa = PBXGroup;
			children = (
				D45D0E73269345A500D79032 /* Coffee.swift */,
				D45D0E78269347D400D79032 /* Order.swift */,
				D45D0E982693C54E00D79032 /* CreateOrderResponse.swift */,
			);
			path = Models;
			sourceTree = "<group>";
		};
		D45D0E7D2693488E00D79032 /* Services */ = {
			isa = PBXGroup;
			children = (
				D45D0E7E269348A000D79032 /* Webservice.swift */,
			);
			path = Services;
			sourceTree = "<group>";
		};
		D45D0E8626934AE700D79032 /* ViewModels */ = {
			isa = PBXGroup;
			children = (
				D45D0E8726934B0400D79032 /* OrderListViewModel.swift */,
				D45D0E9D2693C6B800D79032 /* AddCoffeeOrderViewModel.swift */,
				D45D0EA22693C78700D79032 /* CoffeeViewModel.swift */,
			);
			path = ViewModels;
			sourceTree = "<group>";
		};
		D45D0E8F2693BE5B00D79032 /* Views */ = {
			isa = PBXGroup;
			children = (
				D45D0E432693457D00D79032 /* ContentView.swift */,
				D45D0E902693BEAF00D79032 /* OrderListView.swift */,
				D45D0EA72693CA6700D79032 /* AddCoffeeOrderView.swift */,
				D45D0EAC26948FEF00D79032 /* OrderTotalView.swift */,
			);
			path = Views;
			sourceTree = "<group>";
		};
/* End PBXGroup section */

/* Begin PBXNativeTarget section */
		D45D0E3D2693457D00D79032 /* CoffeeOrderingApp */ = {
			isa = PBXNativeTarget;
			buildConfigurationList = D45D0E632693458000D79032 /* Build configuration list for PBXNativeTarget "CoffeeOrderingApp" */;
			buildPhases = (
				D45D0E3A2693457D00D79032 /* Sources */,
				D45D0E3B2693457D00D79032 /* Frameworks */,
				D45D0E3C2693457D00D79032 /* Resources */,
			);
			buildRules = (
			);
			dependencies = (
			);
			name = CoffeeOrderingApp;
			productName = CoffeeOrderingApp;
			productReference = D45D0E3E2693457D00D79032 /* CoffeeOrderingApp.app */;
			productType = "com.apple.product-type.application";
		};
		D45D0E4E2693458000D79032 /* CoffeeOrderingAppTests */ = {
			isa = PBXNativeTarget;
			buildConfigurationList = D45D0E662693458000D79032 /* Build configuration list for PBXNativeTarget "CoffeeOrderingAppTests" */;
			buildPhases = (
				D45D0E4B2693458000D79032 /* Sources */,
				D45D0E4C2693458000D79032 /* Frameworks */,
				D45D0E4D2693458000D79032 /* Resources */,
			);
			buildRules = (
			);
			dependencies = (
				D45D0E512693458000D79032 /* PBXTargetDependency */,
			);
			name = CoffeeOrderingAppTests;
			productName = CoffeeOrderingAppTests;
			productReference = D45D0E4F2693458000D79032 /* CoffeeOrderingAppTests.xctest */;
			productType = "com.apple.product-type.bundle.unit-test";
		};
		D45D0E592693458000D79032 /* CoffeeOrderingAppUITests */ = {
			isa = PBXNativeTarget;
			buildConfigurationList = D45D0E692693458000D79032 /* Build configuration list for PBXNativeTarget "CoffeeOrderingAppUITests" */;
			buildPhases = (
				D45D0E562693458000D79032 /* Sources */,
				D45D0E572693458000D79032 /* Frameworks */,
				D45D0E582693458000D79032 /* Resources */,
			);
			buildRules = (
			);
			dependencies = (
				D45D0E5C2693458000D79032 /* PBXTargetDependency */,
			);
			name = CoffeeOrderingAppUITests;
			productName = CoffeeOrderingAppUITests;
			productReference = D45D0E5A2693458000D79032 /* CoffeeOrderingAppUITests.xctest */;
			productType = "com.apple.product-type.bundle.ui-testing";
		};
/* End PBXNativeTarget section */

/* Begin PBXProject section */
		D45D0E362693457D00D79032 /* Project object */ = {
			isa = PBXProject;
			attributes = {
				LastSwiftUpdateCheck = 1240;
				LastUpgradeCheck = 1240;
				TargetAttributes = {
					D45D0E3D2693457D00D79032 = {
						CreatedOnToolsVersion = 12.4;
					};
					D45D0E4E2693458000D79032 = {
						CreatedOnToolsVersion = 12.4;
						TestTargetID = D45D0E3D2693457D00D79032;
					};
					D45D0E592693458000D79032 = {
						CreatedOnToolsVersion = 12.4;
						TestTargetID = D45D0E3D2693457D00D79032;
					};
				};
			};
			buildConfigurationList = D45D0E392693457D00D79032 /* Build configuration list for PBXProject "CoffeeOrderingApp" */;
			compatibilityVersion = "Xcode 9.3";
			developmentRegion = en;
			hasScannedForEncodings = 0;
			knownRegions = (
				en,
				Base,
			);
			mainGroup = D45D0E352693457D00D79032;
			productRefGroup = D45D0E3F2693457D00D79032 /* Products */;
			projectDirPath = "";
			projectRoot = "";
			targets = (
				D45D0E3D2693457D00D79032 /* CoffeeOrderingApp */,
				D45D0E4E2693458000D79032 /* CoffeeOrderingAppTests */,
				D45D0E592693458000D79032 /* CoffeeOrderingAppUITests */,
			);
		};
/* End PBXProject section */

/* Begin PBXResourcesBuildPhase section */
		D45D0E3C2693457D00D79032 /* Resources */ = {
			isa = PBXResourcesBuildPhase;
			buildActionMask = 2147483647;
			files = (
				D45D0E492693458000D79032 /* Preview Assets.xcassets in Resources */,
				D45D0E462693458000D79032 /* Assets.xcassets in Resources */,
			);
			runOnlyForDeploymentPostprocessing = 0;
		};
		D45D0E4D2693458000D79032 /* Resources */ = {
			isa = PBXResourcesBuildPhase;
			buildActionMask = 2147483647;
			files = (
			);
			runOnlyForDeploymentPostprocessing = 0;
		};
		D45D0E582693458000D79032 /* Resources */ = {
			isa = PBXResourcesBuildPhase;
			buildActionMask = 2147483647;
			files = (
			);
			runOnlyForDeploymentPostprocessing = 0;
		};
/* End PBXResourcesBuildPhase section */

/* Begin PBXSourcesBuildPhase section */
		D45D0E3A2693457D00D79032 /* Sources */ = {
			isa = PBXSourcesBuildPhase;
			buildActionMask = 2147483647;
			files = (
				D45D0E442693457D00D79032 /* ContentView.swift in Sources */,
				D45D0EA82693CA6700D79032 /* AddCoffeeOrderView.swift in Sources */,
				D45D0E422693457D00D79032 /* CoffeeOrderingAppApp.swift in Sources */,
				D45D0EA32693C78700D79032 /* CoffeeViewModel.swift in Sources */,
				D45D0E79269347D400D79032 /* Order.swift in Sources */,
				D45D0E992693C54E00D79032 /* CreateOrderResponse.swift in Sources */,
				D45D0E912693BEAF00D79032 /* OrderListView.swift in Sources */,
				D45D0E8826934B0400D79032 /* OrderListViewModel.swift in Sources */,
				D45D0E7F269348A000D79032 /* Webservice.swift in Sources */,
				D45D0E9E2693C6B800D79032 /* AddCoffeeOrderViewModel.swift in Sources */,
				D45D0EAD26948FF000D79032 /* OrderTotalView.swift in Sources */,
				D45D0E74269345A500D79032 /* Coffee.swift in Sources */,
			);
			runOnlyForDeploymentPostprocessing = 0;
		};
		D45D0E4B2693458000D79032 /* Sources */ = {
			isa = PBXSourcesBuildPhase;
			buildActionMask = 2147483647;
			files = (
				D45D0E542693458000D79032 /* CoffeeOrderingAppTests.swift in Sources */,
			);
			runOnlyForDeploymentPostprocessing = 0;
		};
		D45D0E562693458000D79032 /* Sources */ = {
			isa = PBXSourcesBuildPhase;
			buildActionMask = 2147483647;
			files = (
				D45D0E5F2693458000D79032 /* CoffeeOrderingAppUITests.swift in Sources */,
			);
			runOnlyForDeploymentPostprocessing = 0;
		};
/* End PBXSourcesBuildPhase section */

/* Begin PBXTargetDependency section */
		D45D0E512693458000D79032 /* PBXTargetDependency */ = {
			isa = PBXTargetDependency;
			target = D45D0E3D2693457D00D79032 /* CoffeeOrderingApp */;
			targetProxy = D45D0E502693458000D79032 /* PBXContainerItemProxy */;
		};
		D45D0E5C2693458000D79032 /* PBXTargetDependency */ = {
			isa = PBXTargetDependency;
			target = D45D0E3D2693457D00D79032 /* CoffeeOrderingApp */;
			targetProxy = D45D0E5B2693458000D79032 /* PBXContainerItemProxy */;
		};
/* End PBXTargetDependency section */

/* Begin XCBuildConfiguration section */
		D45D0E612693458000D79032 /* Debug */ = {
			isa = XCBuildConfiguration;
			buildSettings = {
				ALWAYS_SEARCH_USER_PATHS = NO;
				CLANG_ANALYZER_NONNULL = YES;
				CLANG_ANALYZER_NUMBER_OBJECT_CONVERSION = YES_AGGRESSIVE;
				CLANG_CXX_LANGUAGE_STANDARD = "gnu++14";
				CLANG_CXX_LIBRARY = "libc++";
				CLANG_ENABLE_MODULES = YES;
				CLANG_ENABLE_OBJC_ARC = YES;
				CLANG_ENABLE_OBJC_WEAK = YES;
				CLANG_WARN_BLOCK_CAPTURE_AUTORELEASING = YES;
				CLANG_WARN_BOOL_CONVERSION = YES;
				CLANG_WARN_COMMA = YES;
				CLANG_WARN_CONSTANT_CONVERSION = YES;
				CLANG_WARN_DEPRECATED_OBJC_IMPLEMENTATIONS = YES;
				CLANG_WARN_DIRECT_OBJC_ISA_USAGE = YES_ERROR;
				CLANG_WARN_DOCUMENTATION_COMMENTS = YES;
				CLANG_WARN_EMPTY_BODY = YES;
				CLANG_WARN_ENUM_CONVERSION = YES;
				CLANG_WARN_INFINITE_RECURSION = YES;
				CLANG_WARN_INT_CONVERSION = YES;
				CLANG_WARN_NON_LITERAL_NULL_CONVERSION = YES;
				CLANG_WARN_OBJC_IMPLICIT_RETAIN_SELF = YES;
				CLANG_WARN_OBJC_LITERAL_CONVERSION = YES;
				CLANG_WARN_OBJC_ROOT_CLASS = YES_ERROR;
				CLANG_WARN_QUOTED_INCLUDE_IN_FRAMEWORK_HEADER = YES;
				CLANG_WARN_RANGE_LOOP_ANALYSIS = YES;
				CLANG_WARN_STRICT_PROTOTYPES = YES;
				CLANG_WARN_SUSPICIOUS_MOVE = YES;
				CLANG_WARN_UNGUARDED_AVAILABILITY = YES_AGGRESSIVE;
				CLANG_WARN_UNREACHABLE_CODE = YES;
				CLANG_WARN__DUPLICATE_METHOD_MATCH = YES;
				COPY_PHASE_STRIP = NO;
				DEBUG_INFORMATION_FORMAT = dwarf;
				ENABLE_STRICT_OBJC_MSGSEND = YES;
				ENABLE_TESTABILITY = YES;
				GCC_C_LANGUAGE_STANDARD = gnu11;
				GCC_DYNAMIC_NO_PIC = NO;
				GCC_NO_COMMON_BLOCKS = YES;
				GCC_OPTIMIZATION_LEVEL = 0;
				GCC_PREPROCESSOR_DEFINITIONS = (
					"DEBUG=1",
					"$(inherited)",
				);
				GCC_WARN_64_TO_32_BIT_CONVERSION = YES;
				GCC_WARN_ABOUT_RETURN_TYPE = YES_ERROR;
				GCC_WARN_UNDECLARED_SELECTOR = YES;
				GCC_WARN_UNINITIALIZED_AUTOS = YES_AGGRESSIVE;
				GCC_WARN_UNUSED_FUNCTION = YES;
				GCC_WARN_UNUSED_VARIABLE = YES;
				IPHONEOS_DEPLOYMENT_TARGET = 14.4;
				MTL_ENABLE_DEBUG_INFO = INCLUDE_SOURCE;
				MTL_FAST_MATH = YES;
				ONLY_ACTIVE_ARCH = YES;
				SDKROOT = iphoneos;
				SWIFT_ACTIVE_COMPILATION_CONDITIONS = DEBUG;
				SWIFT_OPTIMIZATION_LEVEL = "-Onone";
			};
			name = Debug;
		};
		D45D0E622693458000D79032 /* Release */ = {
			isa = XCBuildConfiguration;
			buildSettings = {
				ALWAYS_SEARCH_USER_PATHS = NO;
				CLANG_ANALYZER_NONNULL = YES;
				CLANG_ANALYZER_NUMBER_OBJECT_CONVERSION = YES_AGGRESSIVE;
				CLANG_CXX_LANGUAGE_STANDARD = "gnu++14";
				CLANG_CXX_LIBRARY = "libc++";
				CLANG_ENABLE_MODULES = YES;
				CLANG_ENABLE_OBJC_ARC = YES;
				CLANG_ENABLE_OBJC_WEAK = YES;
				CLANG_WARN_BLOCK_CAPTURE_AUTORELEASING = YES;
				CLANG_WARN_BOOL_CONVERSION = YES;
				CLANG_WARN_COMMA = YES;
				CLANG_WARN_CONSTANT_CONVERSION = YES;
				CLANG_WARN_DEPRECATED_OBJC_IMPLEMENTATIONS = YES;
				CLANG_WARN_DIRECT_OBJC_ISA_USAGE = YES_ERROR;
				CLANG_WARN_DOCUMENTATION_COMMENTS = YES;
				CLANG_WARN_EMPTY_BODY = YES;
				CLANG_WARN_ENUM_CONVERSION = YES;
				CLANG_WARN_INFINITE_RECURSION = YES;
				CLANG_WARN_INT_CONVERSION = YES;
				CLANG_WARN_NON_LITERAL_NULL_CONVERSION = YES;
				CLANG_WARN_OBJC_IMPLICIT_RETAIN_SELF = YES;
				CLANG_WARN_OBJC_LITERAL_CONVERSION = YES;
				CLANG_WARN_OBJC_ROOT_CLASS = YES_ERROR;
				CLANG_WARN_QUOTED_INCLUDE_IN_FRAMEWORK_HEADER = YES;
				CLANG_WARN_RANGE_LOOP_ANALYSIS = YES;
				CLANG_WARN_STRICT_PROTOTYPES = YES;
				CLANG_WARN_SUSPICIOUS_MOVE = YES;
				CLANG_WARN_UNGUARDED_AVAILABILITY = YES_AGGRESSIVE;
				CLANG_WARN_UNREACHABLE_CODE = YES;
				CLANG_WARN__DUPLICATE_METHOD_MATCH = YES;
				COPY_PHASE_STRIP = NO;
				DEBUG_INFORMATION_FORMAT = "dwarf-with-dsym";
				ENABLE_NS_ASSERTIONS = NO;
				ENABLE_STRICT_OBJC_MSGSEND = YES;
				GCC_C_LANGUAGE_STANDARD = gnu11;
				GCC_NO_COMMON_BLOCKS = YES;
				GCC_WARN_64_TO_32_BIT_CONVERSION = YES;
				GCC_WARN_ABOUT_RETURN_TYPE = YES_ERROR;
				GCC_WARN_UNDECLARED_SELECTOR = YES;
				GCC_WARN_UNINITIALIZED_AUTOS = YES_AGGRESSIVE;
				GCC_WARN_UNUSED_FUNCTION = YES;
				GCC_WARN_UNUSED_VARIABLE = YES;
				IPHONEOS_DEPLOYMENT_TARGET = 14.4;
				MTL_ENABLE_DEBUG_INFO = NO;
				MTL_FAST_MATH = YES;
				SDKROOT = iphoneos;
				SWIFT_COMPILATION_MODE = wholemodule;
				SWIFT_OPTIMIZATION_LEVEL = "-O";
				VALIDATE_PRODUCT = YES;
			};
			name = Release;
		};
		D45D0E642693458000D79032 /* Debug */ = {
			isa = XCBuildConfiguration;
			buildSettings = {
				ASSETCATALOG_COMPILER_APPICON_NAME = AppIcon;
				ASSETCATALOG_COMPILER_GLOBAL_ACCENT_COLOR_NAME = AccentColor;
				CODE_SIGN_STYLE = Automatic;
				DEVELOPMENT_ASSET_PATHS = "\"CoffeeOrderingApp/Preview Content\"";
				DEVELOPMENT_TEAM = 95L82PNXV3;
				ENABLE_PREVIEWS = YES;
				INFOPLIST_FILE = CoffeeOrderingApp/Info.plist;
				IPHONEOS_DEPLOYMENT_TARGET = 14.0;
				LD_RUNPATH_SEARCH_PATHS = (
					"$(inherited)",
					"@executable_path/Frameworks",
				);
				PRODUCT_BUNDLE_IDENTIFIER = jp.kamimi01.CoffeeOrderingApp;
				PRODUCT_NAME = "$(TARGET_NAME)";
				SWIFT_VERSION = 5.0;
				TARGETED_DEVICE_FAMILY = "1,2";
			};
			name = Debug;
		};
		D45D0E652693458000D79032 /* Release */ = {
			isa = XCBuildConfiguration;
			buildSettings = {
				ASSETCATALOG_COMPILER_APPICON_NAME = AppIcon;
				ASSETCATALOG_COMPILER_GLOBAL_ACCENT_COLOR_NAME = AccentColor;
				CODE_SIGN_STYLE = Automatic;
				DEVELOPMENT_ASSET_PATHS = "\"CoffeeOrderingApp/Preview Content\"";
				DEVELOPMENT_TEAM = 95L82PNXV3;
				ENABLE_PREVIEWS = YES;
				INFOPLIST_FILE = CoffeeOrderingApp/Info.plist;
				IPHONEOS_DEPLOYMENT_TARGET = 14.0;
				LD_RUNPATH_SEARCH_PATHS = (
					"$(inherited)",
					"@executable_path/Frameworks",
				);
				PRODUCT_BUNDLE_IDENTIFIER = jp.kamimi01.CoffeeOrderingApp;
				PRODUCT_NAME = "$(TARGET_NAME)";
				SWIFT_VERSION = 5.0;
				TARGETED_DEVICE_FAMILY = "1,2";
			};
			name = Release;
		};
		D45D0E672693458000D79032 /* Debug */ = {
			isa = XCBuildConfiguration;
			buildSettings = {
				ALWAYS_EMBED_SWIFT_STANDARD_LIBRARIES = YES;
				BUNDLE_LOADER = "$(TEST_HOST)";
				CODE_SIGN_STYLE = Automatic;
				DEVELOPMENT_TEAM = 95L82PNXV3;
				INFOPLIST_FILE = CoffeeOrderingAppTests/Info.plist;
				IPHONEOS_DEPLOYMENT_TARGET = 14.0;
				LD_RUNPATH_SEARCH_PATHS = (
					"$(inherited)",
					"@executable_path/Frameworks",
					"@loader_path/Frameworks",
				);
				PRODUCT_BUNDLE_IDENTIFIER = jp.kamimi01.CoffeeOrderingAppTests;
				PRODUCT_NAME = "$(TARGET_NAME)";
				SWIFT_VERSION = 5.0;
				TARGETED_DEVICE_FAMILY = "1,2";
				TEST_HOST = "$(BUILT_PRODUCTS_DIR)/CoffeeOrderingApp.app/CoffeeOrderingApp";
			};
			name = Debug;
		};
		D45D0E682693458000D79032 /* Release */ = {
			isa = XCBuildConfiguration;
			buildSettings = {
				ALWAYS_EMBED_SWIFT_STANDARD_LIBRARIES = YES;
				BUNDLE_LOADER = "$(TEST_HOST)";
				CODE_SIGN_STYLE = Automatic;
				DEVELOPMENT_TEAM = 95L82PNXV3;
				INFOPLIST_FILE = CoffeeOrderingAppTests/Info.plist;
				IPHONEOS_DEPLOYMENT_TARGET = 14.0;
				LD_RUNPATH_SEARCH_PATHS = (
					"$(inherited)",
					"@executable_path/Frameworks",
					"@loader_path/Frameworks",
				);
				PRODUCT_BUNDLE_IDENTIFIER = jp.kamimi01.CoffeeOrderingAppTests;
				PRODUCT_NAME = "$(TARGET_NAME)";
				SWIFT_VERSION = 5.0;
				TARGETED_DEVICE_FAMILY = "1,2";
				TEST_HOST = "$(BUILT_PRODUCTS_DIR)/CoffeeOrderingApp.app/CoffeeOrderingApp";
			};
			name = Release;
		};
		D45D0E6A2693458000D79032 /* Debug */ = {
			isa = XCBuildConfiguration;
			buildSettings = {
				ALWAYS_EMBED_SWIFT_STANDARD_LIBRARIES = YES;
				CODE_SIGN_STYLE = Automatic;
				DEVELOPMENT_TEAM = 95L82PNXV3;
				INFOPLIST_FILE = CoffeeOrderingAppUITests/Info.plist;
				LD_RUNPATH_SEARCH_PATHS = (
					"$(inherited)",
					"@executable_path/Frameworks",
					"@loader_path/Frameworks",
				);
				PRODUCT_BUNDLE_IDENTIFIER = jp.kamimi01.CoffeeOrderingAppUITests;
				PRODUCT_NAME = "$(TARGET_NAME)";
				SWIFT_VERSION = 5.0;
				TARGETED_DEVICE_FAMILY = "1,2";
				TEST_TARGET_NAME = CoffeeOrderingApp;
			};
			name = Debug;
		};
		D45D0E6B2693458000D79032 /* Release */ = {
			isa = XCBuildConfiguration;
			buildSettings = {
				ALWAYS_EMBED_SWIFT_STANDARD_LIBRARIES = YES;
				CODE_SIGN_STYLE = Automatic;
				DEVELOPMENT_TEAM = 95L82PNXV3;
				INFOPLIST_FILE = CoffeeOrderingAppUITests/Info.plist;
				LD_RUNPATH_SEARCH_PATHS = (
					"$(inherited)",
					"@executable_path/Frameworks",
					"@loader_path/Frameworks",
				);
				PRODUCT_BUNDLE_IDENTIFIER = jp.kamimi01.CoffeeOrderingAppUITests;
				PRODUCT_NAME = "$(TARGET_NAME)";
				SWIFT_VERSION = 5.0;
				TARGETED_DEVICE_FAMILY = "1,2";
				TEST_TARGET_NAME = CoffeeOrderingApp;
			};
			name = Release;
		};
/* End XCBuildConfiguration section */

/* Begin XCConfigurationList section */
		D45D0E392693457D00D79032 /* Build configuration list for PBXProject "CoffeeOrderingApp" */ = {
			isa = XCConfigurationList;
			buildConfigurations = (
				D45D0E612693458000D79032 /* Debug */,
				D45D0E622693458000D79032 /* Release */,
			);
			defaultConfigurationIsVisible = 0;
			defaultConfigurationName = Release;
		};
		D45D0E632693458000D79032 /* Build configuration list for PBXNativeTarget "CoffeeOrderingApp" */ = {
			isa = XCConfigurationList;
			buildConfigurations = (
				D45D0E642693458000D79032 /* Debug */,
				D45D0E652693458000D79032 /* Release */,
			);
			defaultConfigurationIsVisible = 0;
			defaultConfigurationName = Release;
		};
		D45D0E662693458000D79032 /* Build configuration list for PBXNativeTarget "CoffeeOrderingAppTests" */ = {
			isa = XCConfigurationList;
			buildConfigurations = (
				D45D0E672693458000D79032 /* Debug */,
				D45D0E682693458000D79032 /* Release */,
			);
			defaultConfigurationIsVisible = 0;
			defaultConfigurationName = Release;
		};
		D45D0E692693458000D79032 /* Build configuration list for PBXNativeTarget "CoffeeOrderingAppUITests" */ = {
			isa = XCConfigurationList;
			buildConfigurations = (
				D45D0E6A2693458000D79032 /* Debug */,
				D45D0E6B2693458000D79032 /* Release */,
			);
			defaultConfigurationIsVisible = 0;
			defaultConfigurationName = Release;
		};
/* End XCConfigurationList section */
	};
	rootObject = D45D0E362693457D00D79032 /* Project object */;
}
