// !$*UTF8*$!
{
	archiveVersion = 1;
	classes = {
	};
	objectVersion = 50;
	objects = {

/* Begin PBXBuildFile section */
		D45D0DA92691EC5900D79032 /* ObservableObjectAnotherExampleApp.swift in Sources */ = {isa = PBXBuildFile; fileRef = D45D0DA82691EC5900D79032 /* ObservableObjectAnotherExampleApp.swift */; };
		D45D0DAB2691EC5900D79032 /* ContentView.swift in Sources */ = {isa = PBXBuildFile; fileRef = D45D0DAA2691EC5900D79032 /* ContentView.swift */; };
		D45D0DAD2691EC5A00D79032 /* Assets.xcassets in Resources */ = {isa = PBXBuildFile; fileRef = D45D0DAC2691EC5A00D79032 /* Assets.xcassets */; };
		D45D0DB02691EC5A00D79032 /* Preview Assets.xcassets in Resources */ = {isa = PBXBuildFile; fileRef = D45D0DAF2691EC5A00D79032 /* Preview Assets.xcassets */; };
		D45D0DBB2691EC5A00D79032 /* ObservableObjectAnotherExampleTests.swift in Sources */ = {isa = PBXBuildFile; fileRef = D45D0DBA2691EC5A00D79032 /* ObservableObjectAnotherExampleTests.swift */; };
		D45D0DC62691EC5A00D79032 /* ObservableObjectAnotherExampleUITests.swift in Sources */ = {isa = PBXBuildFile; fileRef = D45D0DC52691EC5A00D79032 /* ObservableObjectAnotherExampleUITests.swift */; };
		D45D0DD72691EC7C00D79032 /* UserSettings.swift in Sources */ = {isa = PBXBuildFile; fileRef = D45D0DD62691EC7C00D79032 /* UserSettings.swift */; };
		D45D0DDC2691EF4E00D79032 /* FancyScoreView.swift in Sources */ = {isa = PBXBuildFile; fileRef = D45D0DDB2691EF4E00D79032 /* FancyScoreView.swift */; };
/* End PBXBuildFile section */

/* Begin PBXContainerItemProxy section */
		D45D0DB72691EC5A00D79032 /* PBXContainerItemProxy */ = {
			isa = PBXContainerItemProxy;
			containerPortal = D45D0D9D2691EC5900D79032 /* Project object */;
			proxyType = 1;
			remoteGlobalIDString = D45D0DA42691EC5900D79032;
			remoteInfo = ObservableObjectAnotherExample;
		};
		D45D0DC22691EC5A00D79032 /* PBXContainerItemProxy */ = {
			isa = PBXContainerItemProxy;
			containerPortal = D45D0D9D2691EC5900D79032 /* Project object */;
			proxyType = 1;
			remoteGlobalIDString = D45D0DA42691EC5900D79032;
			remoteInfo = ObservableObjectAnotherExample;
		};
/* End PBXContainerItemProxy section */

/* Begin PBXFileReference section */
		D45D0DA52691EC5900D79032 /* ObservableObjectAnotherExample.app */ = {isa = PBXFileReference; explicitFileType = wrapper.application; includeInIndex = 0; path = ObservableObjectAnotherExample.app; sourceTree = BUILT_PRODUCTS_DIR; };
		D45D0DA82691EC5900D79032 /* ObservableObjectAnotherExampleApp.swift */ = {isa = PBXFileReference; lastKnownFileType = sourcecode.swift; path = ObservableObjectAnotherExampleApp.swift; sourceTree = "<group>"; };
		D45D0DAA2691EC5900D79032 /* ContentView.swift */ = {isa = PBXFileReference; lastKnownFileType = sourcecode.swift; path = ContentView.swift; sourceTree = "<group>"; };
		D45D0DAC2691EC5A00D79032 /* Assets.xcassets */ = {isa = PBXFileReference; lastKnownFileType = folder.assetcatalog; path = Assets.xcassets; sourceTree = "<group>"; };
		D45D0DAF2691EC5A00D79032 /* Preview Assets.xcassets */ = {isa = PBXFileReference; lastKnownFileType = folder.assetcatalog; path = "Preview Assets.xcassets"; sourceTree = "<group>"; };
		D45D0DB12691EC5A00D79032 /* Info.plist */ = {isa = PBXFileReference; lastKnownFileType = text.plist.xml; path = Info.plist; sourceTree = "<group>"; };
		D45D0DB62691EC5A00D79032 /* ObservableObjectAnotherExampleTests.xctest */ = {isa = PBXFileReference; explicitFileType = wrapper.cfbundle; includeInIndex = 0; path = ObservableObjectAnotherExampleTests.xctest; sourceTree = BUILT_PRODUCTS_DIR; };
		D45D0DBA2691EC5A00D79032 /* ObservableObjectAnotherExampleTests.swift */ = {isa = PBXFileReference; lastKnownFileType = sourcecode.swift; path = ObservableObjectAnotherExampleTests.swift; sourceTree = "<group>"; };
		D45D0DBC2691EC5A00D79032 /* Info.plist */ = {isa = PBXFileReference; lastKnownFileType = text.plist.xml; path = Info.plist; sourceTree = "<group>"; };
		D45D0DC12691EC5A00D79032 /* ObservableObjectAnotherExampleUITests.xctest */ = {isa = PBXFileReference; explicitFileType = wrapper.cfbundle; includeInIndex = 0; path = ObservableObjectAnotherExampleUITests.xctest; sourceTree = BUILT_PRODUCTS_DIR; };
		D45D0DC52691EC5A00D79032 /* ObservableObjectAnotherExampleUITests.swift */ = {isa = PBXFileReference; lastKnownFileType = sourcecode.swift; path = ObservableObjectAnotherExampleUITests.swift; sourceTree = "<group>"; };
		D45D0DC72691EC5A00D79032 /* Info.plist */ = {isa = PBXFileReference; lastKnownFileType = text.plist.xml; path = Info.plist; sourceTree = "<group>"; };
		D45D0DD62691EC7C00D79032 /* UserSettings.swift */ = {isa = PBXFileReference; lastKnownFileType = sourcecode.swift; path = UserSettings.swift; sourceTree = "<group>"; };
		D45D0DDB2691EF4E00D79032 /* FancyScoreView.swift */ = {isa = PBXFileReference; lastKnownFileType = sourcecode.swift; path = FancyScoreView.swift; sourceTree = "<group>"; };
/* End PBXFileReference section */

/* Begin PBXFrameworksBuildPhase section */
		D45D0DA22691EC5900D79032 /* Frameworks */ = {
			isa = PBXFrameworksBuildPhase;
			buildActionMask = 2147483647;
			files = (
			);
			runOnlyForDeploymentPostprocessing = 0;
		};
		D45D0DB32691EC5A00D79032 /* Frameworks */ = {
			isa = PBXFrameworksBuildPhase;
			buildActionMask = 2147483647;
			files = (
			);
			runOnlyForDeploymentPostprocessing = 0;
		};
		D45D0DBE2691EC5A00D79032 /* Frameworks */ = {
			isa = PBXFrameworksBuildPhase;
			buildActionMask = 2147483647;
			files = (
			);
			runOnlyForDeploymentPostprocessing = 0;
		};
/* End PBXFrameworksBuildPhase section */

/* Begin PBXGroup section */
		D45D0D9C2691EC5900D79032 = {
			isa = PBXGroup;
			children = (
				D45D0DA72691EC5900D79032 /* ObservableObjectAnotherExample */,
				D45D0DB92691EC5A00D79032 /* ObservableObjectAnotherExampleTests */,
				D45D0DC42691EC5A00D79032 /* ObservableObjectAnotherExampleUITests */,
				D45D0DA62691EC5900D79032 /* Products */,
			);
			sourceTree = "<group>";
		};
		D45D0DA62691EC5900D79032 /* Products */ = {
			isa = PBXGroup;
			children = (
				D45D0DA52691EC5900D79032 /* ObservableObjectAnotherExample.app */,
				D45D0DB62691EC5A00D79032 /* ObservableObjectAnotherExampleTests.xctest */,
				D45D0DC12691EC5A00D79032 /* ObservableObjectAnotherExampleUITests.xctest */,
			);
			name = Products;
			sourceTree = "<group>";
		};
		D45D0DA72691EC5900D79032 /* ObservableObjectAnotherExample */ = {
			isa = PBXGroup;
			children = (
				D45D0DA82691EC5900D79032 /* ObservableObjectAnotherExampleApp.swift */,
				D45D0DAA2691EC5900D79032 /* ContentView.swift */,
				D45D0DAC2691EC5A00D79032 /* Assets.xcassets */,
				D45D0DB12691EC5A00D79032 /* Info.plist */,
				D45D0DAE2691EC5A00D79032 /* Preview Content */,
				D45D0DD62691EC7C00D79032 /* UserSettings.swift */,
				D45D0DDB2691EF4E00D79032 /* FancyScoreView.swift */,
			);
			path = ObservableObjectAnotherExample;
			sourceTree = "<group>";
		};
		D45D0DAE2691EC5A00D79032 /* Preview Content */ = {
			isa = PBXGroup;
			children = (
				D45D0DAF2691EC5A00D79032 /* Preview Assets.xcassets */,
			);
			path = "Preview Content";
			sourceTree = "<group>";
		};
		D45D0DB92691EC5A00D79032 /* ObservableObjectAnotherExampleTests */ = {
			isa = PBXGroup;
			children = (
				D45D0DBA2691EC5A00D79032 /* ObservableObjectAnotherExampleTests.swift */,
				D45D0DBC2691EC5A00D79032 /* Info.plist */,
			);
			path = ObservableObjectAnotherExampleTests;
			sourceTree = "<group>";
		};
		D45D0DC42691EC5A00D79032 /* ObservableObjectAnotherExampleUITests */ = {
			isa = PBXGroup;
			children = (
				D45D0DC52691EC5A00D79032 /* ObservableObjectAnotherExampleUITests.swift */,
				D45D0DC72691EC5A00D79032 /* Info.plist */,
			);
			path = ObservableObjectAnotherExampleUITests;
			sourceTree = "<group>";
		};
/* End PBXGroup section */

/* Begin PBXNativeTarget section */
		D45D0DA42691EC5900D79032 /* ObservableObjectAnotherExample */ = {
			isa = PBXNativeTarget;
			buildConfigurationList = D45D0DCA2691EC5A00D79032 /* Build configuration list for PBXNativeTarget "ObservableObjectAnotherExample" */;
			buildPhases = (
				D45D0DA12691EC5900D79032 /* Sources */,
				D45D0DA22691EC5900D79032 /* Frameworks */,
				D45D0DA32691EC5900D79032 /* Resources */,
			);
			buildRules = (
			);
			dependencies = (
			);
			name = ObservableObjectAnotherExample;
			productName = ObservableObjectAnotherExample;
			productReference = D45D0DA52691EC5900D79032 /* ObservableObjectAnotherExample.app */;
			productType = "com.apple.product-type.application";
		};
		D45D0DB52691EC5A00D79032 /* ObservableObjectAnotherExampleTests */ = {
			isa = PBXNativeTarget;
			buildConfigurationList = D45D0DCD2691EC5A00D79032 /* Build configuration list for PBXNativeTarget "ObservableObjectAnotherExampleTests" */;
			buildPhases = (
				D45D0DB22691EC5A00D79032 /* Sources */,
				D45D0DB32691EC5A00D79032 /* Frameworks */,
				D45D0DB42691EC5A00D79032 /* Resources */,
			);
			buildRules = (
			);
			dependencies = (
				D45D0DB82691EC5A00D79032 /* PBXTargetDependency */,
			);
			name = ObservableObjectAnotherExampleTests;
			productName = ObservableObjectAnotherExampleTests;
			productReference = D45D0DB62691EC5A00D79032 /* ObservableObjectAnotherExampleTests.xctest */;
			productType = "com.apple.product-type.bundle.unit-test";
		};
		D45D0DC02691EC5A00D79032 /* ObservableObjectAnotherExampleUITests */ = {
			isa = PBXNativeTarget;
			buildConfigurationList = D45D0DD02691EC5A00D79032 /* Build configuration list for PBXNativeTarget "ObservableObjectAnotherExampleUITests" */;
			buildPhases = (
				D45D0DBD2691EC5A00D79032 /* Sources */,
				D45D0DBE2691EC5A00D79032 /* Frameworks */,
				D45D0DBF2691EC5A00D79032 /* Resources */,
			);
			buildRules = (
			);
			dependencies = (
				D45D0DC32691EC5A00D79032 /* PBXTargetDependency */,
			);
			name = ObservableObjectAnotherExampleUITests;
			productName = ObservableObjectAnotherExampleUITests;
			productReference = D45D0DC12691EC5A00D79032 /* ObservableObjectAnotherExampleUITests.xctest */;
			productType = "com.apple.product-type.bundle.ui-testing";
		};
/* End PBXNativeTarget section */

/* Begin PBXProject section */
		D45D0D9D2691EC5900D79032 /* Project object */ = {
			isa = PBXProject;
			attributes = {
				LastSwiftUpdateCheck = 1240;
				LastUpgradeCheck = 1240;
				TargetAttributes = {
					D45D0DA42691EC5900D79032 = {
						CreatedOnToolsVersion = 12.4;
					};
					D45D0DB52691EC5A00D79032 = {
						CreatedOnToolsVersion = 12.4;
						TestTargetID = D45D0DA42691EC5900D79032;
					};
					D45D0DC02691EC5A00D79032 = {
						CreatedOnToolsVersion = 12.4;
						TestTargetID = D45D0DA42691EC5900D79032;
					};
				};
			};
			buildConfigurationList = D45D0DA02691EC5900D79032 /* Build configuration list for PBXProject "ObservableObjectAnotherExample" */;
			compatibilityVersion = "Xcode 9.3";
			developmentRegion = en;
			hasScannedForEncodings = 0;
			knownRegions = (
				en,
				Base,
			);
			mainGroup = D45D0D9C2691EC5900D79032;
			productRefGroup = D45D0DA62691EC5900D79032 /* Products */;
			projectDirPath = "";
			projectRoot = "";
			targets = (
				D45D0DA42691EC5900D79032 /* ObservableObjectAnotherExample */,
				D45D0DB52691EC5A00D79032 /* ObservableObjectAnotherExampleTests */,
				D45D0DC02691EC5A00D79032 /* ObservableObjectAnotherExampleUITests */,
			);
		};
/* End PBXProject section */

/* Begin PBXResourcesBuildPhase section */
		D45D0DA32691EC5900D79032 /* Resources */ = {
			isa = PBXResourcesBuildPhase;
			buildActionMask = 2147483647;
			files = (
				D45D0DB02691EC5A00D79032 /* Preview Assets.xcassets in Resources */,
				D45D0DAD2691EC5A00D79032 /* Assets.xcassets in Resources */,
			);
			runOnlyForDeploymentPostprocessing = 0;
		};
		D45D0DB42691EC5A00D79032 /* Resources */ = {
			isa = PBXResourcesBuildPhase;
			buildActionMask = 2147483647;
			files = (
			);
			runOnlyForDeploymentPostprocessing = 0;
		};
		D45D0DBF2691EC5A00D79032 /* Resources */ = {
			isa = PBXResourcesBuildPhase;
			buildActionMask = 2147483647;
			files = (
			);
			runOnlyForDeploymentPostprocessing = 0;
		};
/* End PBXResourcesBuildPhase section */

/* Begin PBXSourcesBuildPhase section */
		D45D0DA12691EC5900D79032 /* Sources */ = {
			isa = PBXSourcesBuildPhase;
			buildActionMask = 2147483647;
			files = (
				D45D0DAB2691EC5900D79032 /* ContentView.swift in Sources */,
				D45D0DD72691EC7C00D79032 /* UserSettings.swift in Sources */,
				D45D0DA92691EC5900D79032 /* ObservableObjectAnotherExampleApp.swift in Sources */,
				D45D0DDC2691EF4E00D79032 /* FancyScoreView.swift in Sources */,
			);
			runOnlyForDeploymentPostprocessing = 0;
		};
		D45D0DB22691EC5A00D79032 /* Sources */ = {
			isa = PBXSourcesBuildPhase;
			buildActionMask = 2147483647;
			files = (
				D45D0DBB2691EC5A00D79032 /* ObservableObjectAnotherExampleTests.swift in Sources */,
			);
			runOnlyForDeploymentPostprocessing = 0;
		};
		D45D0DBD2691EC5A00D79032 /* Sources */ = {
			isa = PBXSourcesBuildPhase;
			buildActionMask = 2147483647;
			files = (
				D45D0DC62691EC5A00D79032 /* ObservableObjectAnotherExampleUITests.swift in Sources */,
			);
			runOnlyForDeploymentPostprocessing = 0;
		};
/* End PBXSourcesBuildPhase section */

/* Begin PBXTargetDependency section */
		D45D0DB82691EC5A00D79032 /* PBXTargetDependency */ = {
			isa = PBXTargetDependency;
			target = D45D0DA42691EC5900D79032 /* ObservableObjectAnotherExample */;
			targetProxy = D45D0DB72691EC5A00D79032 /* PBXContainerItemProxy */;
		};
		D45D0DC32691EC5A00D79032 /* PBXTargetDependency */ = {
			isa = PBXTargetDependency;
			target = D45D0DA42691EC5900D79032 /* ObservableObjectAnotherExample */;
			targetProxy = D45D0DC22691EC5A00D79032 /* PBXContainerItemProxy */;
		};
/* End PBXTargetDependency section */

/* Begin XCBuildConfiguration section */
		D45D0DC82691EC5A00D79032 /* Debug */ = {
			isa = XCBuildConfiguration;
			buildSettings = {
				ALWAYS_SEARCH_USER_PATHS = NO;
				CLANG_ANALYZER_NONNULL = YES;
				CLANG_ANALYZER_NUMBER_OBJECT_CONVERSION = YES_AGGRESSIVE;
				CLANG_CXX_LANGUAGE_STANDARD = "gnu++14";
				CLANG_CXX_LIBRARY = "libc++";
				CLANG_ENABLE_MODULES = YES;
				CLANG_ENABLE_OBJC_ARC = YES;
				CLANG_ENABLE_OBJC_WEAK = YES;
				CLANG_WARN_BLOCK_CAPTURE_AUTORELEASING = YES;
				CLANG_WARN_BOOL_CONVERSION = YES;
				CLANG_WARN_COMMA = YES;
				CLANG_WARN_CONSTANT_CONVERSION = YES;
				CLANG_WARN_DEPRECATED_OBJC_IMPLEMENTATIONS = YES;
				CLANG_WARN_DIRECT_OBJC_ISA_USAGE = YES_ERROR;
				CLANG_WARN_DOCUMENTATION_COMMENTS = YES;
				CLANG_WARN_EMPTY_BODY = YES;
				CLANG_WARN_ENUM_CONVERSION = YES;
				CLANG_WARN_INFINITE_RECURSION = YES;
				CLANG_WARN_INT_CONVERSION = YES;
				CLANG_WARN_NON_LITERAL_NULL_CONVERSION = YES;
				CLANG_WARN_OBJC_IMPLICIT_RETAIN_SELF = YES;
				CLANG_WARN_OBJC_LITERAL_CONVERSION = YES;
				CLANG_WARN_OBJC_ROOT_CLASS = YES_ERROR;
				CLANG_WARN_QUOTED_INCLUDE_IN_FRAMEWORK_HEADER = YES;
				CLANG_WARN_RANGE_LOOP_ANALYSIS = YES;
				CLANG_WARN_STRICT_PROTOTYPES = YES;
				CLANG_WARN_SUSPICIOUS_MOVE = YES;
				CLANG_WARN_UNGUARDED_AVAILABILITY = YES_AGGRESSIVE;
				CLANG_WARN_UNREACHABLE_CODE = YES;
				CLANG_WARN__DUPLICATE_METHOD_MATCH = YES;
				COPY_PHASE_STRIP = NO;
				DEBUG_INFORMATION_FORMAT = dwarf;
				ENABLE_STRICT_OBJC_MSGSEND = YES;
				ENABLE_TESTABILITY = YES;
				GCC_C_LANGUAGE_STANDARD = gnu11;
				GCC_DYNAMIC_NO_PIC = NO;
				GCC_NO_COMMON_BLOCKS = YES;
				GCC_OPTIMIZATION_LEVEL = 0;
				GCC_PREPROCESSOR_DEFINITIONS = (
					"DEBUG=1",
					"$(inherited)",
				);
				GCC_WARN_64_TO_32_BIT_CONVERSION = YES;
				GCC_WARN_ABOUT_RETURN_TYPE = YES_ERROR;
				GCC_WARN_UNDECLARED_SELECTOR = YES;
				GCC_WARN_UNINITIALIZED_AUTOS = YES_AGGRESSIVE;
				GCC_WARN_UNUSED_FUNCTION = YES;
				GCC_WARN_UNUSED_VARIABLE = YES;
				IPHONEOS_DEPLOYMENT_TARGET = 14.4;
				MTL_ENABLE_DEBUG_INFO = INCLUDE_SOURCE;
				MTL_FAST_MATH = YES;
				ONLY_ACTIVE_ARCH = YES;
				SDKROOT = iphoneos;
				SWIFT_ACTIVE_COMPILATION_CONDITIONS = DEBUG;
				SWIFT_OPTIMIZATION_LEVEL = "-Onone";
			};
			name = Debug;
		};
		D45D0DC92691EC5A00D79032 /* Release */ = {
			isa = XCBuildConfiguration;
			buildSettings = {
				ALWAYS_SEARCH_USER_PATHS = NO;
				CLANG_ANALYZER_NONNULL = YES;
				CLANG_ANALYZER_NUMBER_OBJECT_CONVERSION = YES_AGGRESSIVE;
				CLANG_CXX_LANGUAGE_STANDARD = "gnu++14";
				CLANG_CXX_LIBRARY = "libc++";
				CLANG_ENABLE_MODULES = YES;
				CLANG_ENABLE_OBJC_ARC = YES;
				CLANG_ENABLE_OBJC_WEAK = YES;
				CLANG_WARN_BLOCK_CAPTURE_AUTORELEASING = YES;
				CLANG_WARN_BOOL_CONVERSION = YES;
				CLANG_WARN_COMMA = YES;
				CLANG_WARN_CONSTANT_CONVERSION = YES;
				CLANG_WARN_DEPRECATED_OBJC_IMPLEMENTATIONS = YES;
				CLANG_WARN_DIRECT_OBJC_ISA_USAGE = YES_ERROR;
				CLANG_WARN_DOCUMENTATION_COMMENTS = YES;
				CLANG_WARN_EMPTY_BODY = YES;
				CLANG_WARN_ENUM_CONVERSION = YES;
				CLANG_WARN_INFINITE_RECURSION = YES;
				CLANG_WARN_INT_CONVERSION = YES;
				CLANG_WARN_NON_LITERAL_NULL_CONVERSION = YES;
				CLANG_WARN_OBJC_IMPLICIT_RETAIN_SELF = YES;
				CLANG_WARN_OBJC_LITERAL_CONVERSION = YES;
				CLANG_WARN_OBJC_ROOT_CLASS = YES_ERROR;
				CLANG_WARN_QUOTED_INCLUDE_IN_FRAMEWORK_HEADER = YES;
				CLANG_WARN_RANGE_LOOP_ANALYSIS = YES;
				CLANG_WARN_STRICT_PROTOTYPES = YES;
				CLANG_WARN_SUSPICIOUS_MOVE = YES;
				CLANG_WARN_UNGUARDED_AVAILABILITY = YES_AGGRESSIVE;
				CLANG_WARN_UNREACHABLE_CODE = YES;
				CLANG_WARN__DUPLICATE_METHOD_MATCH = YES;
				COPY_PHASE_STRIP = NO;
				DEBUG_INFORMATION_FORMAT = "dwarf-with-dsym";
				ENABLE_NS_ASSERTIONS = NO;
				ENABLE_STRICT_OBJC_MSGSEND = YES;
				GCC_C_LANGUAGE_STANDARD = gnu11;
				GCC_NO_COMMON_BLOCKS = YES;
				GCC_WARN_64_TO_32_BIT_CONVERSION = YES;
				GCC_WARN_ABOUT_RETURN_TYPE = YES_ERROR;
				GCC_WARN_UNDECLARED_SELECTOR = YES;
				GCC_WARN_UNINITIALIZED_AUTOS = YES_AGGRESSIVE;
				GCC_WARN_UNUSED_FUNCTION = YES;
				GCC_WARN_UNUSED_VARIABLE = YES;
				IPHONEOS_DEPLOYMENT_TARGET = 14.4;
				MTL_ENABLE_DEBUG_INFO = NO;
				MTL_FAST_MATH = YES;
				SDKROOT = iphoneos;
				SWIFT_COMPILATION_MODE = wholemodule;
				SWIFT_OPTIMIZATION_LEVEL = "-O";
				VALIDATE_PRODUCT = YES;
			};
			name = Release;
		};
		D45D0DCB2691EC5A00D79032 /* Debug */ = {
			isa = XCBuildConfiguration;
			buildSettings = {
				ASSETCATALOG_COMPILER_APPICON_NAME = AppIcon;
				ASSETCATALOG_COMPILER_GLOBAL_ACCENT_COLOR_NAME = AccentColor;
				CODE_SIGN_STYLE = Automatic;
				DEVELOPMENT_ASSET_PATHS = "\"ObservableObjectAnotherExample/Preview Content\"";
				DEVELOPMENT_TEAM = 95L82PNXV3;
				ENABLE_PREVIEWS = YES;
				INFOPLIST_FILE = ObservableObjectAnotherExample/Info.plist;
				IPHONEOS_DEPLOYMENT_TARGET = 14.0;
				LD_RUNPATH_SEARCH_PATHS = (
					"$(inherited)",
					"@executable_path/Frameworks",
				);
				PRODUCT_BUNDLE_IDENTIFIER = jp.kamimi01.ObservableObjectAnotherExample;
				PRODUCT_NAME = "$(TARGET_NAME)";
				SWIFT_VERSION = 5.0;
				TARGETED_DEVICE_FAMILY = "1,2";
			};
			name = Debug;
		};
		D45D0DCC2691EC5A00D79032 /* Release */ = {
			isa = XCBuildConfiguration;
			buildSettings = {
				ASSETCATALOG_COMPILER_APPICON_NAME = AppIcon;
				ASSETCATALOG_COMPILER_GLOBAL_ACCENT_COLOR_NAME = AccentColor;
				CODE_SIGN_STYLE = Automatic;
				DEVELOPMENT_ASSET_PATHS = "\"ObservableObjectAnotherExample/Preview Content\"";
				DEVELOPMENT_TEAM = 95L82PNXV3;
				ENABLE_PREVIEWS = YES;
				INFOPLIST_FILE = ObservableObjectAnotherExample/Info.plist;
				IPHONEOS_DEPLOYMENT_TARGET = 14.0;
				LD_RUNPATH_SEARCH_PATHS = (
					"$(inherited)",
					"@executable_path/Frameworks",
				);
				PRODUCT_BUNDLE_IDENTIFIER = jp.kamimi01.ObservableObjectAnotherExample;
				PRODUCT_NAME = "$(TARGET_NAME)";
				SWIFT_VERSION = 5.0;
				TARGETED_DEVICE_FAMILY = "1,2";
			};
			name = Release;
		};
		D45D0DCE2691EC5A00D79032 /* Debug */ = {
			isa = XCBuildConfiguration;
			buildSettings = {
				ALWAYS_EMBED_SWIFT_STANDARD_LIBRARIES = YES;
				BUNDLE_LOADER = "$(TEST_HOST)";
				CODE_SIGN_STYLE = Automatic;
				DEVELOPMENT_TEAM = 95L82PNXV3;
				INFOPLIST_FILE = ObservableObjectAnotherExampleTests/Info.plist;
				IPHONEOS_DEPLOYMENT_TARGET = 14.0;
				LD_RUNPATH_SEARCH_PATHS = (
					"$(inherited)",
					"@executable_path/Frameworks",
					"@loader_path/Frameworks",
				);
				PRODUCT_BUNDLE_IDENTIFIER = jp.kamimi01.ObservableObjectAnotherExampleTests;
				PRODUCT_NAME = "$(TARGET_NAME)";
				SWIFT_VERSION = 5.0;
				TARGETED_DEVICE_FAMILY = "1,2";
				TEST_HOST = "$(BUILT_PRODUCTS_DIR)/ObservableObjectAnotherExample.app/ObservableObjectAnotherExample";
			};
			name = Debug;
		};
		D45D0DCF2691EC5A00D79032 /* Release */ = {
			isa = XCBuildConfiguration;
			buildSettings = {
				ALWAYS_EMBED_SWIFT_STANDARD_LIBRARIES = YES;
				BUNDLE_LOADER = "$(TEST_HOST)";
				CODE_SIGN_STYLE = Automatic;
				DEVELOPMENT_TEAM = 95L82PNXV3;
				INFOPLIST_FILE = ObservableObjectAnotherExampleTests/Info.plist;
				IPHONEOS_DEPLOYMENT_TARGET = 14.0;
				LD_RUNPATH_SEARCH_PATHS = (
					"$(inherited)",
					"@executable_path/Frameworks",
					"@loader_path/Frameworks",
				);
				PRODUCT_BUNDLE_IDENTIFIER = jp.kamimi01.ObservableObjectAnotherExampleTests;
				PRODUCT_NAME = "$(TARGET_NAME)";
				SWIFT_VERSION = 5.0;
				TARGETED_DEVICE_FAMILY = "1,2";
				TEST_HOST = "$(BUILT_PRODUCTS_DIR)/ObservableObjectAnotherExample.app/ObservableObjectAnotherExample";
			};
			name = Release;
		};
		D45D0DD12691EC5A00D79032 /* Debug */ = {
			isa = XCBuildConfiguration;
			buildSettings = {
				ALWAYS_EMBED_SWIFT_STANDARD_LIBRARIES = YES;
				CODE_SIGN_STYLE = Automatic;
				DEVELOPMENT_TEAM = 95L82PNXV3;
				INFOPLIST_FILE = ObservableObjectAnotherExampleUITests/Info.plist;
				LD_RUNPATH_SEARCH_PATHS = (
					"$(inherited)",
					"@executable_path/Frameworks",
					"@loader_path/Frameworks",
				);
				PRODUCT_BUNDLE_IDENTIFIER = jp.kamimi01.ObservableObjectAnotherExampleUITests;
				PRODUCT_NAME = "$(TARGET_NAME)";
				SWIFT_VERSION = 5.0;
				TARGETED_DEVICE_FAMILY = "1,2";
				TEST_TARGET_NAME = ObservableObjectAnotherExample;
			};
			name = Debug;
		};
		D45D0DD22691EC5A00D79032 /* Release */ = {
			isa = XCBuildConfiguration;
			buildSettings = {
				ALWAYS_EMBED_SWIFT_STANDARD_LIBRARIES = YES;
				CODE_SIGN_STYLE = Automatic;
				DEVELOPMENT_TEAM = 95L82PNXV3;
				INFOPLIST_FILE = ObservableObjectAnotherExampleUITests/Info.plist;
				LD_RUNPATH_SEARCH_PATHS = (
					"$(inherited)",
					"@executable_path/Frameworks",
					"@loader_path/Frameworks",
				);
				PRODUCT_BUNDLE_IDENTIFIER = jp.kamimi01.ObservableObjectAnotherExampleUITests;
				PRODUCT_NAME = "$(TARGET_NAME)";
				SWIFT_VERSION = 5.0;
				TARGETED_DEVICE_FAMILY = "1,2";
				TEST_TARGET_NAME = ObservableObjectAnotherExample;
			};
			name = Release;
		};
/* End XCBuildConfiguration section */

/* Begin XCConfigurationList section */
		D45D0DA02691EC5900D79032 /* Build configuration list for PBXProject "ObservableObjectAnotherExample" */ = {
			isa = XCConfigurationList;
			buildConfigurations = (
				D45D0DC82691EC5A00D79032 /* Debug */,
				D45D0DC92691EC5A00D79032 /* Release */,
			);
			defaultConfigurationIsVisible = 0;
			defaultConfigurationName = Release;
		};
		D45D0DCA2691EC5A00D79032 /* Build configuration list for PBXNativeTarget "ObservableObjectAnotherExample" */ = {
			isa = XCConfigurationList;
			buildConfigurations = (
				D45D0DCB2691EC5A00D79032 /* Debug */,
				D45D0DCC2691EC5A00D79032 /* Release */,
			);
			defaultConfigurationIsVisible = 0;
			defaultConfigurationName = Release;
		};
		D45D0DCD2691EC5A00D79032 /* Build configuration list for PBXNativeTarget "ObservableObjectAnotherExampleTests" */ = {
			isa = XCConfigurationList;
			buildConfigurations = (
				D45D0DCE2691EC5A00D79032 /* Debug */,
				D45D0DCF2691EC5A00D79032 /* Release */,
			);
			defaultConfigurationIsVisible = 0;
			defaultConfigurationName = Release;
		};
		D45D0DD02691EC5A00D79032 /* Build configuration list for PBXNativeTarget "ObservableObjectAnotherExampleUITests" */ = {
			isa = XCConfigurationList;
			buildConfigurations = (
				D45D0DD12691EC5A00D79032 /* Debug */,
				D45D0DD22691EC5A00D79032 /* Release */,
			);
			defaultConfigurationIsVisible = 0;
			defaultConfigurationName = Release;
		};
/* End XCConfigurationList section */
	};
	rootObject = D45D0D9D2691EC5900D79032 /* Project object */;
}
