// !$*UTF8*$!
{
	archiveVersion = 1;
	classes = {
	};
	objectVersion = 50;
	objects = {

/* Begin PBXBuildFile section */
		D45D0CEC2691DCAE00D79032 /* Hello_BindingApp.swift in Sources */ = {isa = PBXBuildFile; fileRef = D45D0CEB2691DCAE00D79032 /* Hello_BindingApp.swift */; };
		D45D0CEE2691DCAE00D79032 /* ContentView.swift in Sources */ = {isa = PBXBuildFile; fileRef = D45D0CED2691DCAE00D79032 /* ContentView.swift */; };
		D45D0CF02691DCAF00D79032 /* Assets.xcassets in Resources */ = {isa = PBXBuildFile; fileRef = D45D0CEF2691DCAF00D79032 /* Assets.xcassets */; };
		D45D0CF32691DCAF00D79032 /* Preview Assets.xcassets in Resources */ = {isa = PBXBuildFile; fileRef = D45D0CF22691DCAF00D79032 /* Preview Assets.xcassets */; };
		D45D0CFE2691DCB000D79032 /* Hello_BindingTests.swift in Sources */ = {isa = PBXBuildFile; fileRef = D45D0CFD2691DCB000D79032 /* Hello_BindingTests.swift */; };
		D45D0D092691DCB000D79032 /* Hello_BindingUITests.swift in Sources */ = {isa = PBXBuildFile; fileRef = D45D0D082691DCB000D79032 /* Hello_BindingUITests.swift */; };
/* End PBXBuildFile section */

/* Begin PBXContainerItemProxy section */
		D45D0CFA2691DCAF00D79032 /* PBXContainerItemProxy */ = {
			isa = PBXContainerItemProxy;
			containerPortal = D45D0CE02691DCAE00D79032 /* Project object */;
			proxyType = 1;
			remoteGlobalIDString = D45D0CE72691DCAE00D79032;
			remoteInfo = "Hello-Binding";
		};
		D45D0D052691DCB000D79032 /* PBXContainerItemProxy */ = {
			isa = PBXContainerItemProxy;
			containerPortal = D45D0CE02691DCAE00D79032 /* Project object */;
			proxyType = 1;
			remoteGlobalIDString = D45D0CE72691DCAE00D79032;
			remoteInfo = "Hello-Binding";
		};
/* End PBXContainerItemProxy section */

/* Begin PBXFileReference section */
		D45D0CE82691DCAE00D79032 /* Hello-Binding.app */ = {isa = PBXFileReference; explicitFileType = wrapper.application; includeInIndex = 0; path = "Hello-Binding.app"; sourceTree = BUILT_PRODUCTS_DIR; };
		D45D0CEB2691DCAE00D79032 /* Hello_BindingApp.swift */ = {isa = PBXFileReference; lastKnownFileType = sourcecode.swift; path = Hello_BindingApp.swift; sourceTree = "<group>"; };
		D45D0CED2691DCAE00D79032 /* ContentView.swift */ = {isa = PBXFileReference; lastKnownFileType = sourcecode.swift; path = ContentView.swift; sourceTree = "<group>"; };
		D45D0CEF2691DCAF00D79032 /* Assets.xcassets */ = {isa = PBXFileReference; lastKnownFileType = folder.assetcatalog; path = Assets.xcassets; sourceTree = "<group>"; };
		D45D0CF22691DCAF00D79032 /* Preview Assets.xcassets */ = {isa = PBXFileReference; lastKnownFileType = folder.assetcatalog; path = "Preview Assets.xcassets"; sourceTree = "<group>"; };
		D45D0CF42691DCAF00D79032 /* Info.plist */ = {isa = PBXFileReference; lastKnownFileType = text.plist.xml; path = Info.plist; sourceTree = "<group>"; };
		D45D0CF92691DCAF00D79032 /* Hello-BindingTests.xctest */ = {isa = PBXFileReference; explicitFileType = wrapper.cfbundle; includeInIndex = 0; path = "Hello-BindingTests.xctest"; sourceTree = BUILT_PRODUCTS_DIR; };
		D45D0CFD2691DCB000D79032 /* Hello_BindingTests.swift */ = {isa = PBXFileReference; lastKnownFileType = sourcecode.swift; path = Hello_BindingTests.swift; sourceTree = "<group>"; };
		D45D0CFF2691DCB000D79032 /* Info.plist */ = {isa = PBXFileReference; lastKnownFileType = text.plist.xml; path = Info.plist; sourceTree = "<group>"; };
		D45D0D042691DCB000D79032 /* Hello-BindingUITests.xctest */ = {isa = PBXFileReference; explicitFileType = wrapper.cfbundle; includeInIndex = 0; path = "Hello-BindingUITests.xctest"; sourceTree = BUILT_PRODUCTS_DIR; };
		D45D0D082691DCB000D79032 /* Hello_BindingUITests.swift */ = {isa = PBXFileReference; lastKnownFileType = sourcecode.swift; path = Hello_BindingUITests.swift; sourceTree = "<group>"; };
		D45D0D0A2691DCB000D79032 /* Info.plist */ = {isa = PBXFileReference; lastKnownFileType = text.plist.xml; path = Info.plist; sourceTree = "<group>"; };
/* End PBXFileReference section */

/* Begin PBXFrameworksBuildPhase section */
		D45D0CE52691DCAE00D79032 /* Frameworks */ = {
			isa = PBXFrameworksBuildPhase;
			buildActionMask = 2147483647;
			files = (
			);
			runOnlyForDeploymentPostprocessing = 0;
		};
		D45D0CF62691DCAF00D79032 /* Frameworks */ = {
			isa = PBXFrameworksBuildPhase;
			buildActionMask = 2147483647;
			files = (
			);
			runOnlyForDeploymentPostprocessing = 0;
		};
		D45D0D012691DCB000D79032 /* Frameworks */ = {
			isa = PBXFrameworksBuildPhase;
			buildActionMask = 2147483647;
			files = (
			);
			runOnlyForDeploymentPostprocessing = 0;
		};
/* End PBXFrameworksBuildPhase section */

/* Begin PBXGroup section */
		D45D0CDF2691DCAE00D79032 = {
			isa = PBXGroup;
			children = (
				D45D0CEA2691DCAE00D79032 /* Hello-Binding */,
				D45D0CFC2691DCB000D79032 /* Hello-BindingTests */,
				D45D0D072691DCB000D79032 /* Hello-BindingUITests */,
				D45D0CE92691DCAE00D79032 /* Products */,
			);
			sourceTree = "<group>";
		};
		D45D0CE92691DCAE00D79032 /* Products */ = {
			isa = PBXGroup;
			children = (
				D45D0CE82691DCAE00D79032 /* Hello-Binding.app */,
				D45D0CF92691DCAF00D79032 /* Hello-BindingTests.xctest */,
				D45D0D042691DCB000D79032 /* Hello-BindingUITests.xctest */,
			);
			name = Products;
			sourceTree = "<group>";
		};
		D45D0CEA2691DCAE00D79032 /* Hello-Binding */ = {
			isa = PBXGroup;
			children = (
				D45D0CEB2691DCAE00D79032 /* Hello_BindingApp.swift */,
				D45D0CED2691DCAE00D79032 /* ContentView.swift */,
				D45D0CEF2691DCAF00D79032 /* Assets.xcassets */,
				D45D0CF42691DCAF00D79032 /* Info.plist */,
				D45D0CF12691DCAF00D79032 /* Preview Content */,
			);
			path = "Hello-Binding";
			sourceTree = "<group>";
		};
		D45D0CF12691DCAF00D79032 /* Preview Content */ = {
			isa = PBXGroup;
			children = (
				D45D0CF22691DCAF00D79032 /* Preview Assets.xcassets */,
			);
			path = "Preview Content";
			sourceTree = "<group>";
		};
		D45D0CFC2691DCB000D79032 /* Hello-BindingTests */ = {
			isa = PBXGroup;
			children = (
				D45D0CFD2691DCB000D79032 /* Hello_BindingTests.swift */,
				D45D0CFF2691DCB000D79032 /* Info.plist */,
			);
			path = "Hello-BindingTests";
			sourceTree = "<group>";
		};
		D45D0D072691DCB000D79032 /* Hello-BindingUITests */ = {
			isa = PBXGroup;
			children = (
				D45D0D082691DCB000D79032 /* Hello_BindingUITests.swift */,
				D45D0D0A2691DCB000D79032 /* Info.plist */,
			);
			path = "Hello-BindingUITests";
			sourceTree = "<group>";
		};
/* End PBXGroup section */

/* Begin PBXNativeTarget section */
		D45D0CE72691DCAE00D79032 /* Hello-Binding */ = {
			isa = PBXNativeTarget;
			buildConfigurationList = D45D0D0D2691DCB000D79032 /* Build configuration list for PBXNativeTarget "Hello-Binding" */;
			buildPhases = (
				D45D0CE42691DCAE00D79032 /* Sources */,
				D45D0CE52691DCAE00D79032 /* Frameworks */,
				D45D0CE62691DCAE00D79032 /* Resources */,
			);
			buildRules = (
			);
			dependencies = (
			);
			name = "Hello-Binding";
			productName = "Hello-Binding";
			productReference = D45D0CE82691DCAE00D79032 /* Hello-Binding.app */;
			productType = "com.apple.product-type.application";
		};
		D45D0CF82691DCAF00D79032 /* Hello-BindingTests */ = {
			isa = PBXNativeTarget;
			buildConfigurationList = D45D0D102691DCB000D79032 /* Build configuration list for PBXNativeTarget "Hello-BindingTests" */;
			buildPhases = (
				D45D0CF52691DCAF00D79032 /* Sources */,
				D45D0CF62691DCAF00D79032 /* Frameworks */,
				D45D0CF72691DCAF00D79032 /* Resources */,
			);
			buildRules = (
			);
			dependencies = (
				D45D0CFB2691DCAF00D79032 /* PBXTargetDependency */,
			);
			name = "Hello-BindingTests";
			productName = "Hello-BindingTests";
			productReference = D45D0CF92691DCAF00D79032 /* Hello-BindingTests.xctest */;
			productType = "com.apple.product-type.bundle.unit-test";
		};
		D45D0D032691DCB000D79032 /* Hello-BindingUITests */ = {
			isa = PBXNativeTarget;
			buildConfigurationList = D45D0D132691DCB000D79032 /* Build configuration list for PBXNativeTarget "Hello-BindingUITests" */;
			buildPhases = (
				D45D0D002691DCB000D79032 /* Sources */,
				D45D0D012691DCB000D79032 /* Frameworks */,
				D45D0D022691DCB000D79032 /* Resources */,
			);
			buildRules = (
			);
			dependencies = (
				D45D0D062691DCB000D79032 /* PBXTargetDependency */,
			);
			name = "Hello-BindingUITests";
			productName = "Hello-BindingUITests";
			productReference = D45D0D042691DCB000D79032 /* Hello-BindingUITests.xctest */;
			productType = "com.apple.product-type.bundle.ui-testing";
		};
/* End PBXNativeTarget section */

/* Begin PBXProject section */
		D45D0CE02691DCAE00D79032 /* Project object */ = {
			isa = PBXProject;
			attributes = {
				LastSwiftUpdateCheck = 1240;
				LastUpgradeCheck = 1240;
				TargetAttributes = {
					D45D0CE72691DCAE00D79032 = {
						CreatedOnToolsVersion = 12.4;
					};
					D45D0CF82691DCAF00D79032 = {
						CreatedOnToolsVersion = 12.4;
						TestTargetID = D45D0CE72691DCAE00D79032;
					};
					D45D0D032691DCB000D79032 = {
						CreatedOnToolsVersion = 12.4;
						TestTargetID = D45D0CE72691DCAE00D79032;
					};
				};
			};
			buildConfigurationList = D45D0CE32691DCAE00D79032 /* Build configuration list for PBXProject "Hello-Binding" */;
			compatibilityVersion = "Xcode 9.3";
			developmentRegion = en;
			hasScannedForEncodings = 0;
			knownRegions = (
				en,
				Base,
			);
			mainGroup = D45D0CDF2691DCAE00D79032;
			productRefGroup = D45D0CE92691DCAE00D79032 /* Products */;
			projectDirPath = "";
			projectRoot = "";
			targets = (
				D45D0CE72691DCAE00D79032 /* Hello-Binding */,
				D45D0CF82691DCAF00D79032 /* Hello-BindingTests */,
				D45D0D032691DCB000D79032 /* Hello-BindingUITests */,
			);
		};
/* End PBXProject section */

/* Begin PBXResourcesBuildPhase section */
		D45D0CE62691DCAE00D79032 /* Resources */ = {
			isa = PBXResourcesBuildPhase;
			buildActionMask = 2147483647;
			files = (
				D45D0CF32691DCAF00D79032 /* Preview Assets.xcassets in Resources */,
				D45D0CF02691DCAF00D79032 /* Assets.xcassets in Resources */,
			);
			runOnlyForDeploymentPostprocessing = 0;
		};
		D45D0CF72691DCAF00D79032 /* Resources */ = {
			isa = PBXResourcesBuildPhase;
			buildActionMask = 2147483647;
			files = (
			);
			runOnlyForDeploymentPostprocessing = 0;
		};
		D45D0D022691DCB000D79032 /* Resources */ = {
			isa = PBXResourcesBuildPhase;
			buildActionMask = 2147483647;
			files = (
			);
			runOnlyForDeploymentPostprocessing = 0;
		};
/* End PBXResourcesBuildPhase section */

/* Begin PBXSourcesBuildPhase section */
		D45D0CE42691DCAE00D79032 /* Sources */ = {
			isa = PBXSourcesBuildPhase;
			buildActionMask = 2147483647;
			files = (
				D45D0CEE2691DCAE00D79032 /* ContentView.swift in Sources */,
				D45D0CEC2691DCAE00D79032 /* Hello_BindingApp.swift in Sources */,
			);
			runOnlyForDeploymentPostprocessing = 0;
		};
		D45D0CF52691DCAF00D79032 /* Sources */ = {
			isa = PBXSourcesBuildPhase;
			buildActionMask = 2147483647;
			files = (
				D45D0CFE2691DCB000D79032 /* Hello_BindingTests.swift in Sources */,
			);
			runOnlyForDeploymentPostprocessing = 0;
		};
		D45D0D002691DCB000D79032 /* Sources */ = {
			isa = PBXSourcesBuildPhase;
			buildActionMask = 2147483647;
			files = (
				D45D0D092691DCB000D79032 /* Hello_BindingUITests.swift in Sources */,
			);
			runOnlyForDeploymentPostprocessing = 0;
		};
/* End PBXSourcesBuildPhase section */

/* Begin PBXTargetDependency section */
		D45D0CFB2691DCAF00D79032 /* PBXTargetDependency */ = {
			isa = PBXTargetDependency;
			target = D45D0CE72691DCAE00D79032 /* Hello-Binding */;
			targetProxy = D45D0CFA2691DCAF00D79032 /* PBXContainerItemProxy */;
		};
		D45D0D062691DCB000D79032 /* PBXTargetDependency */ = {
			isa = PBXTargetDependency;
			target = D45D0CE72691DCAE00D79032 /* Hello-Binding */;
			targetProxy = D45D0D052691DCB000D79032 /* PBXContainerItemProxy */;
		};
/* End PBXTargetDependency section */

/* Begin XCBuildConfiguration section */
		D45D0D0B2691DCB000D79032 /* Debug */ = {
			isa = XCBuildConfiguration;
			buildSettings = {
				ALWAYS_SEARCH_USER_PATHS = NO;
				CLANG_ANALYZER_NONNULL = YES;
				CLANG_ANALYZER_NUMBER_OBJECT_CONVERSION = YES_AGGRESSIVE;
				CLANG_CXX_LANGUAGE_STANDARD = "gnu++14";
				CLANG_CXX_LIBRARY = "libc++";
				CLANG_ENABLE_MODULES = YES;
				CLANG_ENABLE_OBJC_ARC = YES;
				CLANG_ENABLE_OBJC_WEAK = YES;
				CLANG_WARN_BLOCK_CAPTURE_AUTORELEASING = YES;
				CLANG_WARN_BOOL_CONVERSION = YES;
				CLANG_WARN_COMMA = YES;
				CLANG_WARN_CONSTANT_CONVERSION = YES;
				CLANG_WARN_DEPRECATED_OBJC_IMPLEMENTATIONS = YES;
				CLANG_WARN_DIRECT_OBJC_ISA_USAGE = YES_ERROR;
				CLANG_WARN_DOCUMENTATION_COMMENTS = YES;
				CLANG_WARN_EMPTY_BODY = YES;
				CLANG_WARN_ENUM_CONVERSION = YES;
				CLANG_WARN_INFINITE_RECURSION = YES;
				CLANG_WARN_INT_CONVERSION = YES;
				CLANG_WARN_NON_LITERAL_NULL_CONVERSION = YES;
				CLANG_WARN_OBJC_IMPLICIT_RETAIN_SELF = YES;
				CLANG_WARN_OBJC_LITERAL_CONVERSION = YES;
				CLANG_WARN_OBJC_ROOT_CLASS = YES_ERROR;
				CLANG_WARN_QUOTED_INCLUDE_IN_FRAMEWORK_HEADER = YES;
				CLANG_WARN_RANGE_LOOP_ANALYSIS = YES;
				CLANG_WARN_STRICT_PROTOTYPES = YES;
				CLANG_WARN_SUSPICIOUS_MOVE = YES;
				CLANG_WARN_UNGUARDED_AVAILABILITY = YES_AGGRESSIVE;
				CLANG_WARN_UNREACHABLE_CODE = YES;
				CLANG_WARN__DUPLICATE_METHOD_MATCH = YES;
				COPY_PHASE_STRIP = NO;
				DEBUG_INFORMATION_FORMAT = dwarf;
				ENABLE_STRICT_OBJC_MSGSEND = YES;
				ENABLE_TESTABILITY = YES;
				GCC_C_LANGUAGE_STANDARD = gnu11;
				GCC_DYNAMIC_NO_PIC = NO;
				GCC_NO_COMMON_BLOCKS = YES;
				GCC_OPTIMIZATION_LEVEL = 0;
				GCC_PREPROCESSOR_DEFINITIONS = (
					"DEBUG=1",
					"$(inherited)",
				);
				GCC_WARN_64_TO_32_BIT_CONVERSION = YES;
				GCC_WARN_ABOUT_RETURN_TYPE = YES_ERROR;
				GCC_WARN_UNDECLARED_SELECTOR = YES;
				GCC_WARN_UNINITIALIZED_AUTOS = YES_AGGRESSIVE;
				GCC_WARN_UNUSED_FUNCTION = YES;
				GCC_WARN_UNUSED_VARIABLE = YES;
				IPHONEOS_DEPLOYMENT_TARGET = 14.4;
				MTL_ENABLE_DEBUG_INFO = INCLUDE_SOURCE;
				MTL_FAST_MATH = YES;
				ONLY_ACTIVE_ARCH = YES;
				SDKROOT = iphoneos;
				SWIFT_ACTIVE_COMPILATION_CONDITIONS = DEBUG;
				SWIFT_OPTIMIZATION_LEVEL = "-Onone";
			};
			name = Debug;
		};
		D45D0D0C2691DCB000D79032 /* Release */ = {
			isa = XCBuildConfiguration;
			buildSettings = {
				ALWAYS_SEARCH_USER_PATHS = NO;
				CLANG_ANALYZER_NONNULL = YES;
				CLANG_ANALYZER_NUMBER_OBJECT_CONVERSION = YES_AGGRESSIVE;
				CLANG_CXX_LANGUAGE_STANDARD = "gnu++14";
				CLANG_CXX_LIBRARY = "libc++";
				CLANG_ENABLE_MODULES = YES;
				CLANG_ENABLE_OBJC_ARC = YES;
				CLANG_ENABLE_OBJC_WEAK = YES;
				CLANG_WARN_BLOCK_CAPTURE_AUTORELEASING = YES;
				CLANG_WARN_BOOL_CONVERSION = YES;
				CLANG_WARN_COMMA = YES;
				CLANG_WARN_CONSTANT_CONVERSION = YES;
				CLANG_WARN_DEPRECATED_OBJC_IMPLEMENTATIONS = YES;
				CLANG_WARN_DIRECT_OBJC_ISA_USAGE = YES_ERROR;
				CLANG_WARN_DOCUMENTATION_COMMENTS = YES;
				CLANG_WARN_EMPTY_BODY = YES;
				CLANG_WARN_ENUM_CONVERSION = YES;
				CLANG_WARN_INFINITE_RECURSION = YES;
				CLANG_WARN_INT_CONVERSION = YES;
				CLANG_WARN_NON_LITERAL_NULL_CONVERSION = YES;
				CLANG_WARN_OBJC_IMPLICIT_RETAIN_SELF = YES;
				CLANG_WARN_OBJC_LITERAL_CONVERSION = YES;
				CLANG_WARN_OBJC_ROOT_CLASS = YES_ERROR;
				CLANG_WARN_QUOTED_INCLUDE_IN_FRAMEWORK_HEADER = YES;
				CLANG_WARN_RANGE_LOOP_ANALYSIS = YES;
				CLANG_WARN_STRICT_PROTOTYPES = YES;
				CLANG_WARN_SUSPICIOUS_MOVE = YES;
				CLANG_WARN_UNGUARDED_AVAILABILITY = YES_AGGRESSIVE;
				CLANG_WARN_UNREACHABLE_CODE = YES;
				CLANG_WARN__DUPLICATE_METHOD_MATCH = YES;
				COPY_PHASE_STRIP = NO;
				DEBUG_INFORMATION_FORMAT = "dwarf-with-dsym";
				ENABLE_NS_ASSERTIONS = NO;
				ENABLE_STRICT_OBJC_MSGSEND = YES;
				GCC_C_LANGUAGE_STANDARD = gnu11;
				GCC_NO_COMMON_BLOCKS = YES;
				GCC_WARN_64_TO_32_BIT_CONVERSION = YES;
				GCC_WARN_ABOUT_RETURN_TYPE = YES_ERROR;
				GCC_WARN_UNDECLARED_SELECTOR = YES;
				GCC_WARN_UNINITIALIZED_AUTOS = YES_AGGRESSIVE;
				GCC_WARN_UNUSED_FUNCTION = YES;
				GCC_WARN_UNUSED_VARIABLE = YES;
				IPHONEOS_DEPLOYMENT_TARGET = 14.4;
				MTL_ENABLE_DEBUG_INFO = NO;
				MTL_FAST_MATH = YES;
				SDKROOT = iphoneos;
				SWIFT_COMPILATION_MODE = wholemodule;
				SWIFT_OPTIMIZATION_LEVEL = "-O";
				VALIDATE_PRODUCT = YES;
			};
			name = Release;
		};
		D45D0D0E2691DCB000D79032 /* Debug */ = {
			isa = XCBuildConfiguration;
			buildSettings = {
				ASSETCATALOG_COMPILER_APPICON_NAME = AppIcon;
				ASSETCATALOG_COMPILER_GLOBAL_ACCENT_COLOR_NAME = AccentColor;
				CODE_SIGN_STYLE = Automatic;
				DEVELOPMENT_ASSET_PATHS = "\"Hello-Binding/Preview Content\"";
				DEVELOPMENT_TEAM = 95L82PNXV3;
				ENABLE_PREVIEWS = YES;
				INFOPLIST_FILE = "Hello-Binding/Info.plist";
				IPHONEOS_DEPLOYMENT_TARGET = 14.0;
				LD_RUNPATH_SEARCH_PATHS = (
					"$(inherited)",
					"@executable_path/Frameworks",
				);
				PRODUCT_BUNDLE_IDENTIFIER = "jp.kamimi01.Hello-Binding";
				PRODUCT_NAME = "$(TARGET_NAME)";
				SWIFT_VERSION = 5.0;
				TARGETED_DEVICE_FAMILY = "1,2";
			};
			name = Debug;
		};
		D45D0D0F2691DCB000D79032 /* Release */ = {
			isa = XCBuildConfiguration;
			buildSettings = {
				ASSETCATALOG_COMPILER_APPICON_NAME = AppIcon;
				ASSETCATALOG_COMPILER_GLOBAL_ACCENT_COLOR_NAME = AccentColor;
				CODE_SIGN_STYLE = Automatic;
				DEVELOPMENT_ASSET_PATHS = "\"Hello-Binding/Preview Content\"";
				DEVELOPMENT_TEAM = 95L82PNXV3;
				ENABLE_PREVIEWS = YES;
				INFOPLIST_FILE = "Hello-Binding/Info.plist";
				IPHONEOS_DEPLOYMENT_TARGET = 14.0;
				LD_RUNPATH_SEARCH_PATHS = (
					"$(inherited)",
					"@executable_path/Frameworks",
				);
				PRODUCT_BUNDLE_IDENTIFIER = "jp.kamimi01.Hello-Binding";
				PRODUCT_NAME = "$(TARGET_NAME)";
				SWIFT_VERSION = 5.0;
				TARGETED_DEVICE_FAMILY = "1,2";
			};
			name = Release;
		};
		D45D0D112691DCB000D79032 /* Debug */ = {
			isa = XCBuildConfiguration;
			buildSettings = {
				ALWAYS_EMBED_SWIFT_STANDARD_LIBRARIES = YES;
				BUNDLE_LOADER = "$(TEST_HOST)";
				CODE_SIGN_STYLE = Automatic;
				DEVELOPMENT_TEAM = 95L82PNXV3;
				INFOPLIST_FILE = "Hello-BindingTests/Info.plist";
				IPHONEOS_DEPLOYMENT_TARGET = 14.0;
				LD_RUNPATH_SEARCH_PATHS = (
					"$(inherited)",
					"@executable_path/Frameworks",
					"@loader_path/Frameworks",
				);
				PRODUCT_BUNDLE_IDENTIFIER = "jp.kamimi01.Hello-BindingTests";
				PRODUCT_NAME = "$(TARGET_NAME)";
				SWIFT_VERSION = 5.0;
				TARGETED_DEVICE_FAMILY = "1,2";
				TEST_HOST = "$(BUILT_PRODUCTS_DIR)/Hello-Binding.app/Hello-Binding";
			};
			name = Debug;
		};
		D45D0D122691DCB000D79032 /* Release */ = {
			isa = XCBuildConfiguration;
			buildSettings = {
				ALWAYS_EMBED_SWIFT_STANDARD_LIBRARIES = YES;
				BUNDLE_LOADER = "$(TEST_HOST)";
				CODE_SIGN_STYLE = Automatic;
				DEVELOPMENT_TEAM = 95L82PNXV3;
				INFOPLIST_FILE = "Hello-BindingTests/Info.plist";
				IPHONEOS_DEPLOYMENT_TARGET = 14.0;
				LD_RUNPATH_SEARCH_PATHS = (
					"$(inherited)",
					"@executable_path/Frameworks",
					"@loader_path/Frameworks",
				);
				PRODUCT_BUNDLE_IDENTIFIER = "jp.kamimi01.Hello-BindingTests";
				PRODUCT_NAME = "$(TARGET_NAME)";
				SWIFT_VERSION = 5.0;
				TARGETED_DEVICE_FAMILY = "1,2";
				TEST_HOST = "$(BUILT_PRODUCTS_DIR)/Hello-Binding.app/Hello-Binding";
			};
			name = Release;
		};
		D45D0D142691DCB000D79032 /* Debug */ = {
			isa = XCBuildConfiguration;
			buildSettings = {
				ALWAYS_EMBED_SWIFT_STANDARD_LIBRARIES = YES;
				CODE_SIGN_STYLE = Automatic;
				DEVELOPMENT_TEAM = 95L82PNXV3;
				INFOPLIST_FILE = "Hello-BindingUITests/Info.plist";
				LD_RUNPATH_SEARCH_PATHS = (
					"$(inherited)",
					"@executable_path/Frameworks",
					"@loader_path/Frameworks",
				);
				PRODUCT_BUNDLE_IDENTIFIER = "jp.kamimi01.Hello-BindingUITests";
				PRODUCT_NAME = "$(TARGET_NAME)";
				SWIFT_VERSION = 5.0;
				TARGETED_DEVICE_FAMILY = "1,2";
				TEST_TARGET_NAME = "Hello-Binding";
			};
			name = Debug;
		};
		D45D0D152691DCB000D79032 /* Release */ = {
			isa = XCBuildConfiguration;
			buildSettings = {
				ALWAYS_EMBED_SWIFT_STANDARD_LIBRARIES = YES;
				CODE_SIGN_STYLE = Automatic;
				DEVELOPMENT_TEAM = 95L82PNXV3;
				INFOPLIST_FILE = "Hello-BindingUITests/Info.plist";
				LD_RUNPATH_SEARCH_PATHS = (
					"$(inherited)",
					"@executable_path/Frameworks",
					"@loader_path/Frameworks",
				);
				PRODUCT_BUNDLE_IDENTIFIER = "jp.kamimi01.Hello-BindingUITests";
				PRODUCT_NAME = "$(TARGET_NAME)";
				SWIFT_VERSION = 5.0;
				TARGETED_DEVICE_FAMILY = "1,2";
				TEST_TARGET_NAME = "Hello-Binding";
			};
			name = Release;
		};
/* End XCBuildConfiguration section */

/* Begin XCConfigurationList section */
		D45D0CE32691DCAE00D79032 /* Build configuration list for PBXProject "Hello-Binding" */ = {
			isa = XCConfigurationList;
			buildConfigurations = (
				D45D0D0B2691DCB000D79032 /* Debug */,
				D45D0D0C2691DCB000D79032 /* Release */,
			);
			defaultConfigurationIsVisible = 0;
			defaultConfigurationName = Release;
		};
		D45D0D0D2691DCB000D79032 /* Build configuration list for PBXNativeTarget "Hello-Binding" */ = {
			isa = XCConfigurationList;
			buildConfigurations = (
				D45D0D0E2691DCB000D79032 /* Debug */,
				D45D0D0F2691DCB000D79032 /* Release */,
			);
			defaultConfigurationIsVisible = 0;
			defaultConfigurationName = Release;
		};
		D45D0D102691DCB000D79032 /* Build configuration list for PBXNativeTarget "Hello-BindingTests" */ = {
			isa = XCConfigurationList;
			buildConfigurations = (
				D45D0D112691DCB000D79032 /* Debug */,
				D45D0D122691DCB000D79032 /* Release */,
			);
			defaultConfigurationIsVisible = 0;
			defaultConfigurationName = Release;
		};
		D45D0D132691DCB000D79032 /* Build configuration list for PBXNativeTarget "Hello-BindingUITests" */ = {
			isa = XCConfigurationList;
			buildConfigurations = (
				D45D0D142691DCB000D79032 /* Debug */,
				D45D0D152691DCB000D79032 /* Release */,
			);
			defaultConfigurationIsVisible = 0;
			defaultConfigurationName = Release;
		};
/* End XCConfigurationList section */
	};
	rootObject = D45D0CE02691DCAE00D79032 /* Project object */;
}
