// !$*UTF8*$!
{
	archiveVersion = 1;
	classes = {
	};
	objectVersion = 50;
	objects = {

/* Begin PBXBuildFile section */
		D45D0DED2692799800D79032 /* GoodWeatherApp.swift in Sources */ = {isa = PBXBuildFile; fileRef = D45D0DEC2692799800D79032 /* GoodWeatherApp.swift */; };
		D45D0DEF2692799800D79032 /* ContentView.swift in Sources */ = {isa = PBXBuildFile; fileRef = D45D0DEE2692799800D79032 /* ContentView.swift */; };
		D45D0DF12692799B00D79032 /* Assets.xcassets in Resources */ = {isa = PBXBuildFile; fileRef = D45D0DF02692799B00D79032 /* Assets.xcassets */; };
		D45D0DF42692799B00D79032 /* Preview Assets.xcassets in Resources */ = {isa = PBXBuildFile; fileRef = D45D0DF32692799B00D79032 /* Preview Assets.xcassets */; };
		D45D0DFF2692799B00D79032 /* GoodWeatherTests.swift in Sources */ = {isa = PBXBuildFile; fileRef = D45D0DFE2692799B00D79032 /* GoodWeatherTests.swift */; };
		D45D0E0A2692799B00D79032 /* GoodWeatherUITests.swift in Sources */ = {isa = PBXBuildFile; fileRef = D45D0E092692799B00D79032 /* GoodWeatherUITests.swift */; };
		D45D0E1C269279E200D79032 /* Weather.swift in Sources */ = {isa = PBXBuildFile; fileRef = D45D0E1B269279E200D79032 /* Weather.swift */; };
		D45D0E2526927AAE00D79032 /* WeatherService.swift in Sources */ = {isa = PBXBuildFile; fileRef = D45D0E2426927AAE00D79032 /* WeatherService.swift */; };
		D45D0E2E26927C8F00D79032 /* WeatherViewModel.swift in Sources */ = {isa = PBXBuildFile; fileRef = D45D0E2D26927C8F00D79032 /* WeatherViewModel.swift */; };
/* End PBXBuildFile section */

/* Begin PBXContainerItemProxy section */
		D45D0DFB2692799B00D79032 /* PBXContainerItemProxy */ = {
			isa = PBXContainerItemProxy;
			containerPortal = D45D0DE12692799800D79032 /* Project object */;
			proxyType = 1;
			remoteGlobalIDString = D45D0DE82692799800D79032;
			remoteInfo = GoodWeather;
		};
		D45D0E062692799B00D79032 /* PBXContainerItemProxy */ = {
			isa = PBXContainerItemProxy;
			containerPortal = D45D0DE12692799800D79032 /* Project object */;
			proxyType = 1;
			remoteGlobalIDString = D45D0DE82692799800D79032;
			remoteInfo = GoodWeather;
		};
/* End PBXContainerItemProxy section */

/* Begin PBXFileReference section */
		D45D0DE92692799800D79032 /* GoodWeather.app */ = {isa = PBXFileReference; explicitFileType = wrapper.application; includeInIndex = 0; path = GoodWeather.app; sourceTree = BUILT_PRODUCTS_DIR; };
		D45D0DEC2692799800D79032 /* GoodWeatherApp.swift */ = {isa = PBXFileReference; lastKnownFileType = sourcecode.swift; path = GoodWeatherApp.swift; sourceTree = "<group>"; };
		D45D0DEE2692799800D79032 /* ContentView.swift */ = {isa = PBXFileReference; lastKnownFileType = sourcecode.swift; path = ContentView.swift; sourceTree = "<group>"; };
		D45D0DF02692799B00D79032 /* Assets.xcassets */ = {isa = PBXFileReference; lastKnownFileType = folder.assetcatalog; path = Assets.xcassets; sourceTree = "<group>"; };
		D45D0DF32692799B00D79032 /* Preview Assets.xcassets */ = {isa = PBXFileReference; lastKnownFileType = folder.assetcatalog; path = "Preview Assets.xcassets"; sourceTree = "<group>"; };
		D45D0DF52692799B00D79032 /* Info.plist */ = {isa = PBXFileReference; lastKnownFileType = text.plist.xml; path = Info.plist; sourceTree = "<group>"; };
		D45D0DFA2692799B00D79032 /* GoodWeatherTests.xctest */ = {isa = PBXFileReference; explicitFileType = wrapper.cfbundle; includeInIndex = 0; path = GoodWeatherTests.xctest; sourceTree = BUILT_PRODUCTS_DIR; };
		D45D0DFE2692799B00D79032 /* GoodWeatherTests.swift */ = {isa = PBXFileReference; lastKnownFileType = sourcecode.swift; path = GoodWeatherTests.swift; sourceTree = "<group>"; };
		D45D0E002692799B00D79032 /* Info.plist */ = {isa = PBXFileReference; lastKnownFileType = text.plist.xml; path = Info.plist; sourceTree = "<group>"; };
		D45D0E052692799B00D79032 /* GoodWeatherUITests.xctest */ = {isa = PBXFileReference; explicitFileType = wrapper.cfbundle; includeInIndex = 0; path = GoodWeatherUITests.xctest; sourceTree = BUILT_PRODUCTS_DIR; };
		D45D0E092692799B00D79032 /* GoodWeatherUITests.swift */ = {isa = PBXFileReference; lastKnownFileType = sourcecode.swift; path = GoodWeatherUITests.swift; sourceTree = "<group>"; };
		D45D0E0B2692799B00D79032 /* Info.plist */ = {isa = PBXFileReference; lastKnownFileType = text.plist.xml; path = Info.plist; sourceTree = "<group>"; };
		D45D0E1B269279E200D79032 /* Weather.swift */ = {isa = PBXFileReference; lastKnownFileType = sourcecode.swift; path = Weather.swift; sourceTree = "<group>"; };
		D45D0E2426927AAE00D79032 /* WeatherService.swift */ = {isa = PBXFileReference; lastKnownFileType = sourcecode.swift; path = WeatherService.swift; sourceTree = "<group>"; };
		D45D0E2D26927C8F00D79032 /* WeatherViewModel.swift */ = {isa = PBXFileReference; lastKnownFileType = sourcecode.swift; path = WeatherViewModel.swift; sourceTree = "<group>"; };
/* End PBXFileReference section */

/* Begin PBXFrameworksBuildPhase section */
		D45D0DE62692799800D79032 /* Frameworks */ = {
			isa = PBXFrameworksBuildPhase;
			buildActionMask = 2147483647;
			files = (
			);
			runOnlyForDeploymentPostprocessing = 0;
		};
		D45D0DF72692799B00D79032 /* Frameworks */ = {
			isa = PBXFrameworksBuildPhase;
			buildActionMask = 2147483647;
			files = (
			);
			runOnlyForDeploymentPostprocessing = 0;
		};
		D45D0E022692799B00D79032 /* Frameworks */ = {
			isa = PBXFrameworksBuildPhase;
			buildActionMask = 2147483647;
			files = (
			);
			runOnlyForDeploymentPostprocessing = 0;
		};
/* End PBXFrameworksBuildPhase section */

/* Begin PBXGroup section */
		D45D0DE02692799800D79032 = {
			isa = PBXGroup;
			children = (
				D45D0DEB2692799800D79032 /* GoodWeather */,
				D45D0DFD2692799B00D79032 /* GoodWeatherTests */,
				D45D0E082692799B00D79032 /* GoodWeatherUITests */,
				D45D0DEA2692799800D79032 /* Products */,
			);
			sourceTree = "<group>";
		};
		D45D0DEA2692799800D79032 /* Products */ = {
			isa = PBXGroup;
			children = (
				D45D0DE92692799800D79032 /* GoodWeather.app */,
				D45D0DFA2692799B00D79032 /* GoodWeatherTests.xctest */,
				D45D0E052692799B00D79032 /* GoodWeatherUITests.xctest */,
			);
			name = Products;
			sourceTree = "<group>";
		};
		D45D0DEB2692799800D79032 /* GoodWeather */ = {
			isa = PBXGroup;
			children = (
				D45D0E2326927A9B00D79032 /* Services */,
				D45D0E1A269279C800D79032 /* Models */,
				D45D0DEC2692799800D79032 /* GoodWeatherApp.swift */,
				D45D0DEE2692799800D79032 /* ContentView.swift */,
				D45D0DF02692799B00D79032 /* Assets.xcassets */,
				D45D0DF52692799B00D79032 /* Info.plist */,
				D45D0DF22692799B00D79032 /* Preview Content */,
			);
			path = GoodWeather;
			sourceTree = "<group>";
		};
		D45D0DF22692799B00D79032 /* Preview Content */ = {
			isa = PBXGroup;
			children = (
				D45D0DF32692799B00D79032 /* Preview Assets.xcassets */,
			);
			path = "Preview Content";
			sourceTree = "<group>";
		};
		D45D0DFD2692799B00D79032 /* GoodWeatherTests */ = {
			isa = PBXGroup;
			children = (
				D45D0DFE2692799B00D79032 /* GoodWeatherTests.swift */,
				D45D0E002692799B00D79032 /* Info.plist */,
			);
			path = GoodWeatherTests;
			sourceTree = "<group>";
		};
		D45D0E082692799B00D79032 /* GoodWeatherUITests */ = {
			isa = PBXGroup;
			children = (
				D45D0E092692799B00D79032 /* GoodWeatherUITests.swift */,
				D45D0E0B2692799B00D79032 /* Info.plist */,
			);
			path = GoodWeatherUITests;
			sourceTree = "<group>";
		};
		D45D0E1A269279C800D79032 /* Models */ = {
			isa = PBXGroup;
			children = (
				D45D0E1B269279E200D79032 /* Weather.swift */,
			);
			path = Models;
			sourceTree = "<group>";
		};
		D45D0E2326927A9B00D79032 /* Services */ = {
			isa = PBXGroup;
			children = (
				D45D0E2C26927C8000D79032 /* ViewModels */,
				D45D0E2426927AAE00D79032 /* WeatherService.swift */,
			);
			path = Services;
			sourceTree = "<group>";
		};
		D45D0E2C26927C8000D79032 /* ViewModels */ = {
			isa = PBXGroup;
			children = (
				D45D0E2D26927C8F00D79032 /* WeatherViewModel.swift */,
			);
			path = ViewModels;
			sourceTree = "<group>";
		};
/* End PBXGroup section */

/* Begin PBXNativeTarget section */
		D45D0DE82692799800D79032 /* GoodWeather */ = {
			isa = PBXNativeTarget;
			buildConfigurationList = D45D0E0E2692799B00D79032 /* Build configuration list for PBXNativeTarget "GoodWeather" */;
			buildPhases = (
				D45D0DE52692799800D79032 /* Sources */,
				D45D0DE62692799800D79032 /* Frameworks */,
				D45D0DE72692799800D79032 /* Resources */,
			);
			buildRules = (
			);
			dependencies = (
			);
			name = GoodWeather;
			productName = GoodWeather;
			productReference = D45D0DE92692799800D79032 /* GoodWeather.app */;
			productType = "com.apple.product-type.application";
		};
		D45D0DF92692799B00D79032 /* GoodWeatherTests */ = {
			isa = PBXNativeTarget;
			buildConfigurationList = D45D0E112692799B00D79032 /* Build configuration list for PBXNativeTarget "GoodWeatherTests" */;
			buildPhases = (
				D45D0DF62692799B00D79032 /* Sources */,
				D45D0DF72692799B00D79032 /* Frameworks */,
				D45D0DF82692799B00D79032 /* Resources */,
			);
			buildRules = (
			);
			dependencies = (
				D45D0DFC2692799B00D79032 /* PBXTargetDependency */,
			);
			name = GoodWeatherTests;
			productName = GoodWeatherTests;
			productReference = D45D0DFA2692799B00D79032 /* GoodWeatherTests.xctest */;
			productType = "com.apple.product-type.bundle.unit-test";
		};
		D45D0E042692799B00D79032 /* GoodWeatherUITests */ = {
			isa = PBXNativeTarget;
			buildConfigurationList = D45D0E142692799B00D79032 /* Build configuration list for PBXNativeTarget "GoodWeatherUITests" */;
			buildPhases = (
				D45D0E012692799B00D79032 /* Sources */,
				D45D0E022692799B00D79032 /* Frameworks */,
				D45D0E032692799B00D79032 /* Resources */,
			);
			buildRules = (
			);
			dependencies = (
				D45D0E072692799B00D79032 /* PBXTargetDependency */,
			);
			name = GoodWeatherUITests;
			productName = GoodWeatherUITests;
			productReference = D45D0E052692799B00D79032 /* GoodWeatherUITests.xctest */;
			productType = "com.apple.product-type.bundle.ui-testing";
		};
/* End PBXNativeTarget section */

/* Begin PBXProject section */
		D45D0DE12692799800D79032 /* Project object */ = {
			isa = PBXProject;
			attributes = {
				LastSwiftUpdateCheck = 1240;
				LastUpgradeCheck = 1240;
				TargetAttributes = {
					D45D0DE82692799800D79032 = {
						CreatedOnToolsVersion = 12.4;
					};
					D45D0DF92692799B00D79032 = {
						CreatedOnToolsVersion = 12.4;
						TestTargetID = D45D0DE82692799800D79032;
					};
					D45D0E042692799B00D79032 = {
						CreatedOnToolsVersion = 12.4;
						TestTargetID = D45D0DE82692799800D79032;
					};
				};
			};
			buildConfigurationList = D45D0DE42692799800D79032 /* Build configuration list for PBXProject "GoodWeather" */;
			compatibilityVersion = "Xcode 9.3";
			developmentRegion = en;
			hasScannedForEncodings = 0;
			knownRegions = (
				en,
				Base,
			);
			mainGroup = D45D0DE02692799800D79032;
			productRefGroup = D45D0DEA2692799800D79032 /* Products */;
			projectDirPath = "";
			projectRoot = "";
			targets = (
				D45D0DE82692799800D79032 /* GoodWeather */,
				D45D0DF92692799B00D79032 /* GoodWeatherTests */,
				D45D0E042692799B00D79032 /* GoodWeatherUITests */,
			);
		};
/* End PBXProject section */

/* Begin PBXResourcesBuildPhase section */
		D45D0DE72692799800D79032 /* Resources */ = {
			isa = PBXResourcesBuildPhase;
			buildActionMask = 2147483647;
			files = (
				D45D0DF42692799B00D79032 /* Preview Assets.xcassets in Resources */,
				D45D0DF12692799B00D79032 /* Assets.xcassets in Resources */,
			);
			runOnlyForDeploymentPostprocessing = 0;
		};
		D45D0DF82692799B00D79032 /* Resources */ = {
			isa = PBXResourcesBuildPhase;
			buildActionMask = 2147483647;
			files = (
			);
			runOnlyForDeploymentPostprocessing = 0;
		};
		D45D0E032692799B00D79032 /* Resources */ = {
			isa = PBXResourcesBuildPhase;
			buildActionMask = 2147483647;
			files = (
			);
			runOnlyForDeploymentPostprocessing = 0;
		};
/* End PBXResourcesBuildPhase section */

/* Begin PBXSourcesBuildPhase section */
		D45D0DE52692799800D79032 /* Sources */ = {
			isa = PBXSourcesBuildPhase;
			buildActionMask = 2147483647;
			files = (
				D45D0E2E26927C8F00D79032 /* WeatherViewModel.swift in Sources */,
				D45D0E2526927AAE00D79032 /* WeatherService.swift in Sources */,
				D45D0DEF2692799800D79032 /* ContentView.swift in Sources */,
				D45D0E1C269279E200D79032 /* Weather.swift in Sources */,
				D45D0DED2692799800D79032 /* GoodWeatherApp.swift in Sources */,
			);
			runOnlyForDeploymentPostprocessing = 0;
		};
		D45D0DF62692799B00D79032 /* Sources */ = {
			isa = PBXSourcesBuildPhase;
			buildActionMask = 2147483647;
			files = (
				D45D0DFF2692799B00D79032 /* GoodWeatherTests.swift in Sources */,
			);
			runOnlyForDeploymentPostprocessing = 0;
		};
		D45D0E012692799B00D79032 /* Sources */ = {
			isa = PBXSourcesBuildPhase;
			buildActionMask = 2147483647;
			files = (
				D45D0E0A2692799B00D79032 /* GoodWeatherUITests.swift in Sources */,
			);
			runOnlyForDeploymentPostprocessing = 0;
		};
/* End PBXSourcesBuildPhase section */

/* Begin PBXTargetDependency section */
		D45D0DFC2692799B00D79032 /* PBXTargetDependency */ = {
			isa = PBXTargetDependency;
			target = D45D0DE82692799800D79032 /* GoodWeather */;
			targetProxy = D45D0DFB2692799B00D79032 /* PBXContainerItemProxy */;
		};
		D45D0E072692799B00D79032 /* PBXTargetDependency */ = {
			isa = PBXTargetDependency;
			target = D45D0DE82692799800D79032 /* GoodWeather */;
			targetProxy = D45D0E062692799B00D79032 /* PBXContainerItemProxy */;
		};
/* End PBXTargetDependency section */

/* Begin XCBuildConfiguration section */
		D45D0E0C2692799B00D79032 /* Debug */ = {
			isa = XCBuildConfiguration;
			buildSettings = {
				ALWAYS_SEARCH_USER_PATHS = NO;
				CLANG_ANALYZER_NONNULL = YES;
				CLANG_ANALYZER_NUMBER_OBJECT_CONVERSION = YES_AGGRESSIVE;
				CLANG_CXX_LANGUAGE_STANDARD = "gnu++14";
				CLANG_CXX_LIBRARY = "libc++";
				CLANG_ENABLE_MODULES = YES;
				CLANG_ENABLE_OBJC_ARC = YES;
				CLANG_ENABLE_OBJC_WEAK = YES;
				CLANG_WARN_BLOCK_CAPTURE_AUTORELEASING = YES;
				CLANG_WARN_BOOL_CONVERSION = YES;
				CLANG_WARN_COMMA = YES;
				CLANG_WARN_CONSTANT_CONVERSION = YES;
				CLANG_WARN_DEPRECATED_OBJC_IMPLEMENTATIONS = YES;
				CLANG_WARN_DIRECT_OBJC_ISA_USAGE = YES_ERROR;
				CLANG_WARN_DOCUMENTATION_COMMENTS = YES;
				CLANG_WARN_EMPTY_BODY = YES;
				CLANG_WARN_ENUM_CONVERSION = YES;
				CLANG_WARN_INFINITE_RECURSION = YES;
				CLANG_WARN_INT_CONVERSION = YES;
				CLANG_WARN_NON_LITERAL_NULL_CONVERSION = YES;
				CLANG_WARN_OBJC_IMPLICIT_RETAIN_SELF = YES;
				CLANG_WARN_OBJC_LITERAL_CONVERSION = YES;
				CLANG_WARN_OBJC_ROOT_CLASS = YES_ERROR;
				CLANG_WARN_QUOTED_INCLUDE_IN_FRAMEWORK_HEADER = YES;
				CLANG_WARN_RANGE_LOOP_ANALYSIS = YES;
				CLANG_WARN_STRICT_PROTOTYPES = YES;
				CLANG_WARN_SUSPICIOUS_MOVE = YES;
				CLANG_WARN_UNGUARDED_AVAILABILITY = YES_AGGRESSIVE;
				CLANG_WARN_UNREACHABLE_CODE = YES;
				CLANG_WARN__DUPLICATE_METHOD_MATCH = YES;
				COPY_PHASE_STRIP = NO;
				DEBUG_INFORMATION_FORMAT = dwarf;
				ENABLE_STRICT_OBJC_MSGSEND = YES;
				ENABLE_TESTABILITY = YES;
				GCC_C_LANGUAGE_STANDARD = gnu11;
				GCC_DYNAMIC_NO_PIC = NO;
				GCC_NO_COMMON_BLOCKS = YES;
				GCC_OPTIMIZATION_LEVEL = 0;
				GCC_PREPROCESSOR_DEFINITIONS = (
					"DEBUG=1",
					"$(inherited)",
				);
				GCC_WARN_64_TO_32_BIT_CONVERSION = YES;
				GCC_WARN_ABOUT_RETURN_TYPE = YES_ERROR;
				GCC_WARN_UNDECLARED_SELECTOR = YES;
				GCC_WARN_UNINITIALIZED_AUTOS = YES_AGGRESSIVE;
				GCC_WARN_UNUSED_FUNCTION = YES;
				GCC_WARN_UNUSED_VARIABLE = YES;
				IPHONEOS_DEPLOYMENT_TARGET = 14.4;
				MTL_ENABLE_DEBUG_INFO = INCLUDE_SOURCE;
				MTL_FAST_MATH = YES;
				ONLY_ACTIVE_ARCH = YES;
				SDKROOT = iphoneos;
				SWIFT_ACTIVE_COMPILATION_CONDITIONS = DEBUG;
				SWIFT_OPTIMIZATION_LEVEL = "-Onone";
			};
			name = Debug;
		};
		D45D0E0D2692799B00D79032 /* Release */ = {
			isa = XCBuildConfiguration;
			buildSettings = {
				ALWAYS_SEARCH_USER_PATHS = NO;
				CLANG_ANALYZER_NONNULL = YES;
				CLANG_ANALYZER_NUMBER_OBJECT_CONVERSION = YES_AGGRESSIVE;
				CLANG_CXX_LANGUAGE_STANDARD = "gnu++14";
				CLANG_CXX_LIBRARY = "libc++";
				CLANG_ENABLE_MODULES = YES;
				CLANG_ENABLE_OBJC_ARC = YES;
				CLANG_ENABLE_OBJC_WEAK = YES;
				CLANG_WARN_BLOCK_CAPTURE_AUTORELEASING = YES;
				CLANG_WARN_BOOL_CONVERSION = YES;
				CLANG_WARN_COMMA = YES;
				CLANG_WARN_CONSTANT_CONVERSION = YES;
				CLANG_WARN_DEPRECATED_OBJC_IMPLEMENTATIONS = YES;
				CLANG_WARN_DIRECT_OBJC_ISA_USAGE = YES_ERROR;
				CLANG_WARN_DOCUMENTATION_COMMENTS = YES;
				CLANG_WARN_EMPTY_BODY = YES;
				CLANG_WARN_ENUM_CONVERSION = YES;
				CLANG_WARN_INFINITE_RECURSION = YES;
				CLANG_WARN_INT_CONVERSION = YES;
				CLANG_WARN_NON_LITERAL_NULL_CONVERSION = YES;
				CLANG_WARN_OBJC_IMPLICIT_RETAIN_SELF = YES;
				CLANG_WARN_OBJC_LITERAL_CONVERSION = YES;
				CLANG_WARN_OBJC_ROOT_CLASS = YES_ERROR;
				CLANG_WARN_QUOTED_INCLUDE_IN_FRAMEWORK_HEADER = YES;
				CLANG_WARN_RANGE_LOOP_ANALYSIS = YES;
				CLANG_WARN_STRICT_PROTOTYPES = YES;
				CLANG_WARN_SUSPICIOUS_MOVE = YES;
				CLANG_WARN_UNGUARDED_AVAILABILITY = YES_AGGRESSIVE;
				CLANG_WARN_UNREACHABLE_CODE = YES;
				CLANG_WARN__DUPLICATE_METHOD_MATCH = YES;
				COPY_PHASE_STRIP = NO;
				DEBUG_INFORMATION_FORMAT = "dwarf-with-dsym";
				ENABLE_NS_ASSERTIONS = NO;
				ENABLE_STRICT_OBJC_MSGSEND = YES;
				GCC_C_LANGUAGE_STANDARD = gnu11;
				GCC_NO_COMMON_BLOCKS = YES;
				GCC_WARN_64_TO_32_BIT_CONVERSION = YES;
				GCC_WARN_ABOUT_RETURN_TYPE = YES_ERROR;
				GCC_WARN_UNDECLARED_SELECTOR = YES;
				GCC_WARN_UNINITIALIZED_AUTOS = YES_AGGRESSIVE;
				GCC_WARN_UNUSED_FUNCTION = YES;
				GCC_WARN_UNUSED_VARIABLE = YES;
				IPHONEOS_DEPLOYMENT_TARGET = 14.4;
				MTL_ENABLE_DEBUG_INFO = NO;
				MTL_FAST_MATH = YES;
				SDKROOT = iphoneos;
				SWIFT_COMPILATION_MODE = wholemodule;
				SWIFT_OPTIMIZATION_LEVEL = "-O";
				VALIDATE_PRODUCT = YES;
			};
			name = Release;
		};
		D45D0E0F2692799B00D79032 /* Debug */ = {
			isa = XCBuildConfiguration;
			buildSettings = {
				ASSETCATALOG_COMPILER_APPICON_NAME = AppIcon;
				ASSETCATALOG_COMPILER_GLOBAL_ACCENT_COLOR_NAME = AccentColor;
				CODE_SIGN_STYLE = Automatic;
				DEVELOPMENT_ASSET_PATHS = "\"GoodWeather/Preview Content\"";
				DEVELOPMENT_TEAM = 95L82PNXV3;
				ENABLE_PREVIEWS = YES;
				INFOPLIST_FILE = GoodWeather/Info.plist;
				IPHONEOS_DEPLOYMENT_TARGET = 14.0;
				LD_RUNPATH_SEARCH_PATHS = (
					"$(inherited)",
					"@executable_path/Frameworks",
				);
				PRODUCT_BUNDLE_IDENTIFIER = jp.kamimi01.GoodWeather;
				PRODUCT_NAME = "$(TARGET_NAME)";
				SWIFT_VERSION = 5.0;
				TARGETED_DEVICE_FAMILY = "1,2";
			};
			name = Debug;
		};
		D45D0E102692799B00D79032 /* Release */ = {
			isa = XCBuildConfiguration;
			buildSettings = {
				ASSETCATALOG_COMPILER_APPICON_NAME = AppIcon;
				ASSETCATALOG_COMPILER_GLOBAL_ACCENT_COLOR_NAME = AccentColor;
				CODE_SIGN_STYLE = Automatic;
				DEVELOPMENT_ASSET_PATHS = "\"GoodWeather/Preview Content\"";
				DEVELOPMENT_TEAM = 95L82PNXV3;
				ENABLE_PREVIEWS = YES;
				INFOPLIST_FILE = GoodWeather/Info.plist;
				IPHONEOS_DEPLOYMENT_TARGET = 14.0;
				LD_RUNPATH_SEARCH_PATHS = (
					"$(inherited)",
					"@executable_path/Frameworks",
				);
				PRODUCT_BUNDLE_IDENTIFIER = jp.kamimi01.GoodWeather;
				PRODUCT_NAME = "$(TARGET_NAME)";
				SWIFT_VERSION = 5.0;
				TARGETED_DEVICE_FAMILY = "1,2";
			};
			name = Release;
		};
		D45D0E122692799B00D79032 /* Debug */ = {
			isa = XCBuildConfiguration;
			buildSettings = {
				ALWAYS_EMBED_SWIFT_STANDARD_LIBRARIES = YES;
				BUNDLE_LOADER = "$(TEST_HOST)";
				CODE_SIGN_STYLE = Automatic;
				DEVELOPMENT_TEAM = 95L82PNXV3;
				INFOPLIST_FILE = GoodWeatherTests/Info.plist;
				IPHONEOS_DEPLOYMENT_TARGET = 14.0;
				LD_RUNPATH_SEARCH_PATHS = (
					"$(inherited)",
					"@executable_path/Frameworks",
					"@loader_path/Frameworks",
				);
				PRODUCT_BUNDLE_IDENTIFIER = jp.kamimi01.GoodWeatherTests;
				PRODUCT_NAME = "$(TARGET_NAME)";
				SWIFT_VERSION = 5.0;
				TARGETED_DEVICE_FAMILY = "1,2";
				TEST_HOST = "$(BUILT_PRODUCTS_DIR)/GoodWeather.app/GoodWeather";
			};
			name = Debug;
		};
		D45D0E132692799B00D79032 /* Release */ = {
			isa = XCBuildConfiguration;
			buildSettings = {
				ALWAYS_EMBED_SWIFT_STANDARD_LIBRARIES = YES;
				BUNDLE_LOADER = "$(TEST_HOST)";
				CODE_SIGN_STYLE = Automatic;
				DEVELOPMENT_TEAM = 95L82PNXV3;
				INFOPLIST_FILE = GoodWeatherTests/Info.plist;
				IPHONEOS_DEPLOYMENT_TARGET = 14.0;
				LD_RUNPATH_SEARCH_PATHS = (
					"$(inherited)",
					"@executable_path/Frameworks",
					"@loader_path/Frameworks",
				);
				PRODUCT_BUNDLE_IDENTIFIER = jp.kamimi01.GoodWeatherTests;
				PRODUCT_NAME = "$(TARGET_NAME)";
				SWIFT_VERSION = 5.0;
				TARGETED_DEVICE_FAMILY = "1,2";
				TEST_HOST = "$(BUILT_PRODUCTS_DIR)/GoodWeather.app/GoodWeather";
			};
			name = Release;
		};
		D45D0E152692799B00D79032 /* Debug */ = {
			isa = XCBuildConfiguration;
			buildSettings = {
				ALWAYS_EMBED_SWIFT_STANDARD_LIBRARIES = YES;
				CODE_SIGN_STYLE = Automatic;
				DEVELOPMENT_TEAM = 95L82PNXV3;
				INFOPLIST_FILE = GoodWeatherUITests/Info.plist;
				LD_RUNPATH_SEARCH_PATHS = (
					"$(inherited)",
					"@executable_path/Frameworks",
					"@loader_path/Frameworks",
				);
				PRODUCT_BUNDLE_IDENTIFIER = jp.kamimi01.GoodWeatherUITests;
				PRODUCT_NAME = "$(TARGET_NAME)";
				SWIFT_VERSION = 5.0;
				TARGETED_DEVICE_FAMILY = "1,2";
				TEST_TARGET_NAME = GoodWeather;
			};
			name = Debug;
		};
		D45D0E162692799B00D79032 /* Release */ = {
			isa = XCBuildConfiguration;
			buildSettings = {
				ALWAYS_EMBED_SWIFT_STANDARD_LIBRARIES = YES;
				CODE_SIGN_STYLE = Automatic;
				DEVELOPMENT_TEAM = 95L82PNXV3;
				INFOPLIST_FILE = GoodWeatherUITests/Info.plist;
				LD_RUNPATH_SEARCH_PATHS = (
					"$(inherited)",
					"@executable_path/Frameworks",
					"@loader_path/Frameworks",
				);
				PRODUCT_BUNDLE_IDENTIFIER = jp.kamimi01.GoodWeatherUITests;
				PRODUCT_NAME = "$(TARGET_NAME)";
				SWIFT_VERSION = 5.0;
				TARGETED_DEVICE_FAMILY = "1,2";
				TEST_TARGET_NAME = GoodWeather;
			};
			name = Release;
		};
/* End XCBuildConfiguration section */

/* Begin XCConfigurationList section */
		D45D0DE42692799800D79032 /* Build configuration list for PBXProject "GoodWeather" */ = {
			isa = XCConfigurationList;
			buildConfigurations = (
				D45D0E0C2692799B00D79032 /* Debug */,
				D45D0E0D2692799B00D79032 /* Release */,
			);
			defaultConfigurationIsVisible = 0;
			defaultConfigurationName = Release;
		};
		D45D0E0E2692799B00D79032 /* Build configuration list for PBXNativeTarget "GoodWeather" */ = {
			isa = XCConfigurationList;
			buildConfigurations = (
				D45D0E0F2692799B00D79032 /* Debug */,
				D45D0E102692799B00D79032 /* Release */,
			);
			defaultConfigurationIsVisible = 0;
			defaultConfigurationName = Release;
		};
		D45D0E112692799B00D79032 /* Build configuration list for PBXNativeTarget "GoodWeatherTests" */ = {
			isa = XCConfigurationList;
			buildConfigurations = (
				D45D0E122692799B00D79032 /* Debug */,
				D45D0E132692799B00D79032 /* Release */,
			);
			defaultConfigurationIsVisible = 0;
			defaultConfigurationName = Release;
		};
		D45D0E142692799B00D79032 /* Build configuration list for PBXNativeTarget "GoodWeatherUITests" */ = {
			isa = XCConfigurationList;
			buildConfigurations = (
				D45D0E152692799B00D79032 /* Debug */,
				D45D0E162692799B00D79032 /* Release */,
			);
			defaultConfigurationIsVisible = 0;
			defaultConfigurationName = Release;
		};
/* End XCConfigurationList section */
	};
	rootObject = D45D0DE12692799800D79032 /* Project object */;
}
